// !$*UTF8*$!
{
	archiveVersion = 1;
	classes = {
	};
	objectVersion = 77;
	objects = {

/* Begin PBXBuildFile section */
		02058CB34BB16684A868E6CA /* KotodamaCore.swift in Sources */ = {isa = PBXBuildFile; fileRef = 487C3D2C28A272E278E75399 /* KotodamaCore.swift */; };
		061B45C4249559749743808E /* ModelManifestTests.swift in Sources */ = {isa = PBXBuildFile; fileRef = 223537F87A638A6A25C0A009 /* ModelManifestTests.swift */; };
		073244A5D4F1D6E902063E3E /* CarbonHotKeyBackend.swift in Sources */ = {isa = PBXBuildFile; fileRef = F78A93F0ED7F6F8FF212E907 /* CarbonHotKeyBackend.swift */; };
		1375AF2F811791137F1D4B9C /* main.swift in Sources */ = {isa = PBXBuildFile; fileRef = A5A044366E623A71BFE9CB84 /* main.swift */; };
		14278F37DD287B964F745026 /* EmbeddedWorkerIntegrationTests.swift in Sources */ = {isa = PBXBuildFile; fileRef = 56629419C9CE473E97605ADA /* EmbeddedWorkerIntegrationTests.swift */; };
		157B69F84BB0F25B95410600 /* ShortcutRecorder.swift in Sources */ = {isa = PBXBuildFile; fileRef = C9D2617C6E95C214AAC1D1D7 /* ShortcutRecorder.swift */; };
		1988C9CEF5C27C50BC3C4AD6 /* ModelManagerSelectionTests.swift in Sources */ = {isa = PBXBuildFile; fileRef = D94EEFA207217AFF37C89840 /* ModelManagerSelectionTests.swift */; };
		1A0F8B8B417591DA047128A5 /* RuntimeMonitorView.swift in Sources */ = {isa = PBXBuildFile; fileRef = F2E810038EE1C18220EF3B0F /* RuntimeMonitorView.swift */; };
		1E9899545FDE91FB20280AC4 /* TemporaryAudioStore.swift in Sources */ = {isa = PBXBuildFile; fileRef = D17AA34DA2B4922241291761 /* TemporaryAudioStore.swift */; };
		1F6BB0004573C5BDEF14E411 /* LocalSpeechPipelineTests.swift in Sources */ = {isa = PBXBuildFile; fileRef = 579BB275558C3B34618B7C2A /* LocalSpeechPipelineTests.swift */; };
		221A344BBA3639D2B3C0B6F2 /* LocalSpeechOfflineIntegrationTests.swift in Sources */ = {isa = PBXBuildFile; fileRef = 64B9DEDB7B0D568ED551B5CE /* LocalSpeechOfflineIntegrationTests.swift */; };
		22D2F132C4B309B8CF488321 /* main.swift in Sources */ = {isa = PBXBuildFile; fileRef = E41A57AA23343E5644F31E6B /* main.swift */; };
		2785B9AD6B1EEC2F8D8D126A /* ClipboardOutput.swift in Sources */ = {isa = PBXBuildFile; fileRef = A0F90A0C2DC66D8FD33B8402 /* ClipboardOutput.swift */; };
		29C267358AF873EF1313A552 /* KotodamaCore.framework in Frameworks */ = {isa = PBXBuildFile; fileRef = 4440A5288A1BAA902BA980E8 /* KotodamaCore.framework */; };
		3082A02AD913316B129C9ECA /* KotodamaVoiceUITests.swift in Sources */ = {isa = PBXBuildFile; fileRef = 3797E508E9AC167BA2BF6402 /* KotodamaVoiceUITests.swift */; };
		3B00E47141E1A066C21301A2 /* KotodamaCore.framework in Frameworks */ = {isa = PBXBuildFile; fileRef = 4440A5288A1BAA902BA980E8 /* KotodamaCore.framework */; };
		473491B0408C052E808733BE /* HotKey.swift in Sources */ = {isa = PBXBuildFile; fileRef = 3DD938F4BC6FB93AEFA3881B /* HotKey.swift */; };
		47C139ACBC14BEA8515727C2 /* SpeechRuntime.swift in Sources */ = {isa = PBXBuildFile; fileRef = 4899F1D4B44468D6B3A03AE6 /* SpeechRuntime.swift */; };
		49655035111E03525A6C578F /* ModelOperationGate.swift in Sources */ = {isa = PBXBuildFile; fileRef = 77D8917CFEEE69E9EDC4070C /* ModelOperationGate.swift */; };
		4CE508D579E90463EE067CCE /* KotodamaCore.framework in Embed Frameworks */ = {isa = PBXBuildFile; fileRef = 4440A5288A1BAA902BA980E8 /* KotodamaCore.framework */; settings = {ATTRIBUTES = (CodeSignOnCopy, RemoveHeadersOnCopy, ); }; };
		4F4FD8A84D7A95F59165EDF3 /* KotodamaVoiceTests.swift in Sources */ = {isa = PBXBuildFile; fileRef = 6841313520F8A935BC9A4DAF /* KotodamaVoiceTests.swift */; };
		5A0783CE5C0D1C33FFD4E755 /* URLSessionModelDownloader.swift in Sources */ = {isa = PBXBuildFile; fileRef = EDE7553E525E6D37D454CB1C /* URLSessionModelDownloader.swift */; };
		5A2F6512F819EBD55567A21B /* KotodamaCore.framework in Frameworks */ = {isa = PBXBuildFile; fileRef = 4440A5288A1BAA902BA980E8 /* KotodamaCore.framework */; };
		5B7AB2438A108AA70D054101 /* FormatterWorkerTests.swift in Sources */ = {isa = PBXBuildFile; fileRef = A5475E047C8F88E145361FEC /* FormatterWorkerTests.swift */; };
		5BA78082908D0D574EC66CCC /* WorkerMessages.swift in Sources */ = {isa = PBXBuildFile; fileRef = 73F2EF4A4CFD5A7858E3BBA3 /* WorkerMessages.swift */; };
		5D19C44ECC79D0A811E9D359 /* KotodamaCore.framework in Embed Frameworks */ = {isa = PBXBuildFile; fileRef = 4440A5288A1BAA902BA980E8 /* KotodamaCore.framework */; settings = {ATTRIBUTES = (CodeSignOnCopy, RemoveHeadersOnCopy, ); }; };
		628A758DC07E34E39443B704 /* ModelDownloadCoordinator.swift in Sources */ = {isa = PBXBuildFile; fileRef = 163377464306A3A252A8CC29 /* ModelDownloadCoordinator.swift */; };
		62E2EA35A72F756453A362CC /* whisper.xcframework in Frameworks */ = {isa = PBXBuildFile; fileRef = 8F709A1FAA22DD06B2D15FAF /* whisper.xcframework */; };
		6B2D212637BEFBD0900099D3 /* ModelOperationGateTests.swift in Sources */ = {isa = PBXBuildFile; fileRef = E338AAEA7B5F269E00633067 /* ModelOperationGateTests.swift */; };
		6C8BD58ADC7D3BE0AE258BC2 /* KotodamaCore.framework in Frameworks */ = {isa = PBXBuildFile; fileRef = 4440A5288A1BAA902BA980E8 /* KotodamaCore.framework */; };
		6FAE6C97E0D815A1981FC1AF /* SpeechWorkerClient.swift in Sources */ = {isa = PBXBuildFile; fileRef = 8D8D5DFA20028FB8580A6178 /* SpeechWorkerClient.swift */; };
		7493BDF448A033A95044EC68 /* Diagnostics.swift in Sources */ = {isa = PBXBuildFile; fileRef = 6823A96AE15E3F8E45E13555 /* Diagnostics.swift */; };
		7529719FBEAA212F88E7295C /* KotodamaCore.framework in Embed Frameworks */ = {isa = PBXBuildFile; fileRef = 4440A5288A1BAA902BA980E8 /* KotodamaCore.framework */; settings = {ATTRIBUTES = (CodeSignOnCopy, RemoveHeadersOnCopy, ); }; };
		792EC659BF1FCE6DB494F089 /* WorkerConnectionManager.swift in Sources */ = {isa = PBXBuildFile; fileRef = E98A0C0BBD109721E35265FF /* WorkerConnectionManager.swift */; };
		7A6E8E44D2DBEF3D9429D029 /* AudioBufferAccumulatorTests.swift in Sources */ = {isa = PBXBuildFile; fileRef = FBE752A3FC33E0BFF1FB53FF /* AudioBufferAccumulatorTests.swift */; };
		81FFBB36BAA1E29A1051FF61 /* AppRuntime.swift in Sources */ = {isa = PBXBuildFile; fileRef = D1A5D11D804A8B7BDB6C7175 /* AppRuntime.swift */; };
		8884F151A1F8ECB6949F8C3F /* ClipboardOutputTests.swift in Sources */ = {isa = PBXBuildFile; fileRef = 5B8A0A655F55C34B62C5E0EE /* ClipboardOutputTests.swift */; };
		88855C43D2E9D5FF5C14B1A2 /* KotodamaCore.framework in Frameworks */ = {isa = PBXBuildFile; fileRef = 4440A5288A1BAA902BA980E8 /* KotodamaCore.framework */; };
		891AEC65205E7FB96A229BD1 /* llama.xcframework in Embed Frameworks */ = {isa = PBXBuildFile; fileRef = A109991F1F9EDAB8AFB2A88C /* llama.xcframework */; settings = {ATTRIBUTES = (CodeSignOnCopy, RemoveHeadersOnCopy, ); }; };
		8C2FE9AD8FED9F104EBC3B3C /* whisper.xcframework in Embed Frameworks */ = {isa = PBXBuildFile; fileRef = 8F709A1FAA22DD06B2D15FAF /* whisper.xcframework */; settings = {ATTRIBUTES = (CodeSignOnCopy, RemoveHeadersOnCopy, ); }; };
		92B28808C99CE1598120DD57 /* SpeechModelEvaluationTests.swift in Sources */ = {isa = PBXBuildFile; fileRef = 7E355F449AECB3C4A8400BE3 /* SpeechModelEvaluationTests.swift */; };
		975B41D69AB46103CA098462 /* RecordingStartCoordinator.swift in Sources */ = {isa = PBXBuildFile; fileRef = CC5326A6DC3792ECF5CC6D96 /* RecordingStartCoordinator.swift */; };
		97BF379C3E87222694CAE20C /* SpeechRuntime.swift in Sources */ = {isa = PBXBuildFile; fileRef = 4899F1D4B44468D6B3A03AE6 /* SpeechRuntime.swift */; };
		9EA32DF5C5D509C9266ECA9E /* AudioRecordingService.swift in Sources */ = {isa = PBXBuildFile; fileRef = C95952C9E4529C496BDA938B /* AudioRecordingService.swift */; };
		A1B67994B2BDB1363FC031D2 /* ModelWorkerUnloader.swift in Sources */ = {isa = PBXBuildFile; fileRef = D11BB1CFF6A074E17DA1435F /* ModelWorkerUnloader.swift */; };
		A59E16B231D25AA7BC376A5E /* SpeechRuntime.swift in Sources */ = {isa = PBXBuildFile; fileRef = 4899F1D4B44468D6B3A03AE6 /* SpeechRuntime.swift */; };
		AC9003F5A8E5A7CCF6F55398 /* KotodamaCore.framework in Frameworks */ = {isa = PBXBuildFile; fileRef = 4440A5288A1BAA902BA980E8 /* KotodamaCore.framework */; };
		B67FD5FD629144B705A13FF4 /* SettingsView.swift in Sources */ = {isa = PBXBuildFile; fileRef = 11761C2322787DB1CA3B22A7 /* SettingsView.swift */; };
		B6D184B9896BD5C2ABE50377 /* KotodamaVoiceApp.swift in Sources */ = {isa = PBXBuildFile; fileRef = 28ACFFCE4943C9852FE83D73 /* KotodamaVoiceApp.swift */; };
		B8CAFCDBE35CC6B7455845B1 /* AVMicrophonePermission.swift in Sources */ = {isa = PBXBuildFile; fileRef = DCDF509CDB9A732EE4F9F2D2 /* AVMicrophonePermission.swift */; };
		B9E7E90E4330E89D6940E7B8 /* LocalSpeechPipeline.swift in Sources */ = {isa = PBXBuildFile; fileRef = 0AF1DFF961964DE3D0EF3AA5 /* LocalSpeechPipeline.swift */; };
		BC489D84530AC3011C58A3A2 /* ModelDownloadHTTPIntegrationTests.swift in Sources */ = {isa = PBXBuildFile; fileRef = C2FB953D49A31BF61348484A /* ModelDownloadHTTPIntegrationTests.swift */; };
		BEFF1194FC2AFCF559158773 /* whisper.xcframework in Embed Frameworks */ = {isa = PBXBuildFile; fileRef = 8F709A1FAA22DD06B2D15FAF /* whisper.xcframework */; settings = {ATTRIBUTES = (CodeSignOnCopy, RemoveHeadersOnCopy, ); }; };
		C004EE7FE49C131969FD78A0 /* ModelManifest.swift in Sources */ = {isa = PBXBuildFile; fileRef = 31C4E38780D1164B577359F9 /* ModelManifest.swift */; };
		C3A2598AE024237FC31AD00A /* PipelineCoordinator.swift in Sources */ = {isa = PBXBuildFile; fileRef = 03E1494AAD53178A1A680279 /* PipelineCoordinator.swift */; };
		C45BA0E732C0D5B3502E28B5 /* SpeechWorkerTests.swift in Sources */ = {isa = PBXBuildFile; fileRef = D262B41A81B6E67267B0B4DF /* SpeechWorkerTests.swift */; };
		C569DF0986B25B0E779E336E /* CarbonHotKeyBackendTests.swift in Sources */ = {isa = PBXBuildFile; fileRef = 426A21DB0B93F6890E207B08 /* CarbonHotKeyBackendTests.swift */; };
		C620873D77438120DDB5097E /* llama.xcframework in Frameworks */ = {isa = PBXBuildFile; fileRef = A109991F1F9EDAB8AFB2A88C /* llama.xcframework */; };
		CA8C968200562003FF37423B /* whisper.xcframework in Frameworks */ = {isa = PBXBuildFile; fileRef = 8F709A1FAA22DD06B2D15FAF /* whisper.xcframework */; };
		CB9644E56A512B65FCB66C12 /* WorkerDiagnostics.swift in Sources */ = {isa = PBXBuildFile; fileRef = B68A26A3F8A16DD25A1FE1C5 /* WorkerDiagnostics.swift */; };
		CECAB467C0D8247D58A79E59 /* FormatterWorker.xpc in CopyFiles */ = {isa = PBXBuildFile; fileRef = 80A3944F2874EE16F49135C7 /* FormatterWorker.xpc */; settings = {ATTRIBUTES = (CodeSignOnCopy, RemoveHeadersOnCopy, ); }; };
		CF0D91917C50BAC095EE932B /* AudioSampleConverter.swift in Sources */ = {isa = PBXBuildFile; fileRef = 81D5719B39B1A692C06CBE86 /* AudioSampleConverter.swift */; };
		D60389933CAB91331B8693A1 /* KotodamaCore.framework in Embed Frameworks */ = {isa = PBXBuildFile; fileRef = 4440A5288A1BAA902BA980E8 /* KotodamaCore.framework */; settings = {ATTRIBUTES = (CodeSignOnCopy, RemoveHeadersOnCopy, ); }; };
		D72B84C99ADDD72C19B5B119 /* ModelWorkerUnloaderTests.swift in Sources */ = {isa = PBXBuildFile; fileRef = C35FE10D23F37618CB84C8C8 /* ModelWorkerUnloaderTests.swift */; };
		D73730B60BD60396B4C3381A /* WorkerDiagnosticFixture.swift in Sources */ = {isa = PBXBuildFile; fileRef = E414886486A91D92155CDF8D /* WorkerDiagnosticFixture.swift */; };
		D9162D80A5BC57760BBBA0B5 /* main.swift in Sources */ = {isa = PBXBuildFile; fileRef = ED90C336FE480B0ADC7CA39D /* main.swift */; };
		E43513C3FA5EC51371270205 /* SpeechWorkerClientTests.swift in Sources */ = {isa = PBXBuildFile; fileRef = 2AB920251DA74A14ECE2CC71 /* SpeechWorkerClientTests.swift */; };
		E77FE6C9D1C42105416B40A2 /* KotodamaCore.framework in Embed Frameworks */ = {isa = PBXBuildFile; fileRef = 4440A5288A1BAA902BA980E8 /* KotodamaCore.framework */; settings = {ATTRIBUTES = (CodeSignOnCopy, RemoveHeadersOnCopy, ); }; };
		E81C517201EE102E69A55314 /* SpeechWorker.xpc in CopyFiles */ = {isa = PBXBuildFile; fileRef = 62EE402D36D13B0EB726CBC0 /* SpeechWorker.xpc */; settings = {ATTRIBUTES = (CodeSignOnCopy, RemoveHeadersOnCopy, ); }; };
		EAA356300635206501250BE5 /* whisper.xcframework in Frameworks */ = {isa = PBXBuildFile; fileRef = 8F709A1FAA22DD06B2D15FAF /* whisper.xcframework */; };
		EBE31FB6205FF5E70BB095E4 /* AudioSampleConverterTests.swift in Sources */ = {isa = PBXBuildFile; fileRef = D01BB1F927CBC5BDE8D5B03C /* AudioSampleConverterTests.swift */; };
		ECC13AF7AA18EF340F087D7F /* UserDefaultsHotKeyPreference.swift in Sources */ = {isa = PBXBuildFile; fileRef = 88868843C2C55F2F234F1584 /* UserDefaultsHotKeyPreference.swift */; };
		EDEE2C47484A72D0C0CE8A48 /* TemporaryAudioStoreTests.swift in Sources */ = {isa = PBXBuildFile; fileRef = E042E81D56B2E0BFC6C385D4 /* TemporaryAudioStoreTests.swift */; };
		F23CD0326C846F04CC3DC17E /* LaunchAtLogin.swift in Sources */ = {isa = PBXBuildFile; fileRef = B2A0521C534370D92B8A8874 /* LaunchAtLogin.swift */; };
		F27BBEF1589B4AC40BFF515E /* ModelsView.swift in Sources */ = {isa = PBXBuildFile; fileRef = 510ACFE42081260B79D9FAFC /* ModelsView.swift */; };
		F337C8C3C10F2FE4B8F12843 /* ModelDownloadCoordinatorTests.swift in Sources */ = {isa = PBXBuildFile; fileRef = 0AE210015442A705B2F3AEEA /* ModelDownloadCoordinatorTests.swift */; };
		F42F88FFE4D94DD92A215388 /* PipelineStateMachine.swift in Sources */ = {isa = PBXBuildFile; fileRef = F20D8C389F4413253DAAF88A /* PipelineStateMachine.swift */; };
		F5E9556821A066E7E8BE83E5 /* MicrophonePermissionTests.swift in Sources */ = {isa = PBXBuildFile; fileRef = 0450E471B8AEAF1C9EA9E059 /* MicrophonePermissionTests.swift */; };
		F8E4E561C29A90CE16A3B548 /* KotodamaCoreTests.swift in Sources */ = {isa = PBXBuildFile; fileRef = 8FBC669DE78E857852E6F506 /* KotodamaCoreTests.swift */; };
		FA4352846E2A3EF093C3F21E /* ModelCatalog.swift in Sources */ = {isa = PBXBuildFile; fileRef = 030684945C14C6CBAA64057F /* ModelCatalog.swift */; };
		FABE467165DA313EC4ED2088 /* ModelManager.swift in Sources */ = {isa = PBXBuildFile; fileRef = 5270DE18A3FE2ECEC569CD31 /* ModelManager.swift */; };
		FFBE534090CAEEA608442242 /* Models.json in Resources */ = {isa = PBXBuildFile; fileRef = 5476720C032768393BE5582A /* Models.json */; };
/* End PBXBuildFile section */

/* Begin PBXContainerItemProxy section */
		007830BFC9BA2E50A31123F3 /* PBXContainerItemProxy */ = {
			isa = PBXContainerItemProxy;
			containerPortal = 568352D46B68EA038A29E0A1 /* Project object */;
			proxyType = 1;
			remoteGlobalIDString = DFB49847B0F71CD7D7287146;
			remoteInfo = KotodamaVoice;
		};
		3ED929E3A972E27B73D5DF95 /* PBXContainerItemProxy */ = {
			isa = PBXContainerItemProxy;
			containerPortal = 568352D46B68EA038A29E0A1 /* Project object */;
			proxyType = 1;
			remoteGlobalIDString = A6EB1756E50B611BB2B7C001;
			remoteInfo = KotodamaCore;
		};
		473793702D253DD1576E7DAA /* PBXContainerItemProxy */ = {
			isa = PBXContainerItemProxy;
			containerPortal = 568352D46B68EA038A29E0A1 /* Project object */;
			proxyType = 1;
			remoteGlobalIDString = 0EF7A75C12F9019C72867BA0;
			remoteInfo = FormatterWorker;
		};
		4B4AD5D969C22B23413B23F7 /* PBXContainerItemProxy */ = {
			isa = PBXContainerItemProxy;
			containerPortal = 568352D46B68EA038A29E0A1 /* Project object */;
			proxyType = 1;
			remoteGlobalIDString = 0EF7A75C12F9019C72867BA0;
			remoteInfo = FormatterWorker;
		};
		546AFBC32699744395D89CE3 /* PBXContainerItemProxy */ = {
			isa = PBXContainerItemProxy;
			containerPortal = 568352D46B68EA038A29E0A1 /* Project object */;
			proxyType = 1;
			remoteGlobalIDString = A6EB1756E50B611BB2B7C001;
			remoteInfo = KotodamaCore;
		};
		829D359B5414A23DD35AD714 /* PBXContainerItemProxy */ = {
			isa = PBXContainerItemProxy;
			containerPortal = 568352D46B68EA038A29E0A1 /* Project object */;
			proxyType = 1;
			remoteGlobalIDString = A6EB1756E50B611BB2B7C001;
			remoteInfo = KotodamaCore;
		};
		852FF8E80E07269FC88DA408 /* PBXContainerItemProxy */ = {
			isa = PBXContainerItemProxy;
			containerPortal = 568352D46B68EA038A29E0A1 /* Project object */;
			proxyType = 1;
			remoteGlobalIDString = 9875826B4579930608B24E5E;
			remoteInfo = SpeechWorker;
		};
		94B9B70944F04D499544E64A /* PBXContainerItemProxy */ = {
			isa = PBXContainerItemProxy;
			containerPortal = 568352D46B68EA038A29E0A1 /* Project object */;
			proxyType = 1;
			remoteGlobalIDString = A6EB1756E50B611BB2B7C001;
			remoteInfo = KotodamaCore;
		};
		AB0B0923697D171E74BD0729 /* PBXContainerItemProxy */ = {
			isa = PBXContainerItemProxy;
			containerPortal = 568352D46B68EA038A29E0A1 /* Project object */;
			proxyType = 1;
			remoteGlobalIDString = A6EB1756E50B611BB2B7C001;
			remoteInfo = KotodamaCore;
		};
		AE2061392339BECD79C4661F /* PBXContainerItemProxy */ = {
			isa = PBXContainerItemProxy;
			containerPortal = 568352D46B68EA038A29E0A1 /* Project object */;
			proxyType = 1;
			remoteGlobalIDString = DFB49847B0F71CD7D7287146;
			remoteInfo = KotodamaVoice;
		};
		AEFE1394EFABEBE07E042828 /* PBXContainerItemProxy */ = {
			isa = PBXContainerItemProxy;
			containerPortal = 568352D46B68EA038A29E0A1 /* Project object */;
			proxyType = 1;
			remoteGlobalIDString = A6EB1756E50B611BB2B7C001;
			remoteInfo = KotodamaCore;
		};
/* End PBXContainerItemProxy section */

/* Begin PBXCopyFilesBuildPhase section */
		28DA8BA84458D75E5B2DDF31 /* Embed Frameworks */ = {
			isa = PBXCopyFilesBuildPhase;
			buildActionMask = 2147483647;
			dstPath = "";
			dstSubfolderSpec = 10;
			files = (
				D60389933CAB91331B8693A1 /* KotodamaCore.framework in Embed Frameworks */,
			);
			name = "Embed Frameworks";
			runOnlyForDeploymentPostprocessing = 0;
		};
		82A3B2A0E63AD5BA23B1A171 /* Embed Frameworks */ = {
			isa = PBXCopyFilesBuildPhase;
			buildActionMask = 2147483647;
			dstPath = "";
			dstSubfolderSpec = 10;
			files = (
				E77FE6C9D1C42105416B40A2 /* KotodamaCore.framework in Embed Frameworks */,
				BEFF1194FC2AFCF559158773 /* whisper.xcframework in Embed Frameworks */,
			);
			name = "Embed Frameworks";
			runOnlyForDeploymentPostprocessing = 0;
		};
		9FCE100FE3341E18EA78A98E /* CopyFiles */ = {
			isa = PBXCopyFilesBuildPhase;
			buildActionMask = 2147483647;
			dstPath = "$(CONTENTS_FOLDER_PATH)/XPCServices";
			dstSubfolderSpec = 16;
			files = (
				E81C517201EE102E69A55314 /* SpeechWorker.xpc in CopyFiles */,
				CECAB467C0D8247D58A79E59 /* FormatterWorker.xpc in CopyFiles */,
			);
			runOnlyForDeploymentPostprocessing = 0;
		};
		EBEC8443CA4F7C08F27A917F /* Embed Frameworks */ = {
			isa = PBXCopyFilesBuildPhase;
			buildActionMask = 2147483647;
			dstPath = "";
			dstSubfolderSpec = 10;
			files = (
				5D19C44ECC79D0A811E9D359 /* KotodamaCore.framework in Embed Frameworks */,
				891AEC65205E7FB96A229BD1 /* llama.xcframework in Embed Frameworks */,
			);
			name = "Embed Frameworks";
			runOnlyForDeploymentPostprocessing = 0;
		};
		F0326059C0C0E105B57BEF7A /* Embed Frameworks */ = {
			isa = PBXCopyFilesBuildPhase;
			buildActionMask = 2147483647;
			dstPath = "";
			dstSubfolderSpec = 10;
			files = (
				4CE508D579E90463EE067CCE /* KotodamaCore.framework in Embed Frameworks */,
				8C2FE9AD8FED9F104EBC3B3C /* whisper.xcframework in Embed Frameworks */,
			);
			name = "Embed Frameworks";
			runOnlyForDeploymentPostprocessing = 0;
		};
		F78DFBE6B64D7D988B25660B /* Embed Frameworks */ = {
			isa = PBXCopyFilesBuildPhase;
			buildActionMask = 2147483647;
			dstPath = "";
			dstSubfolderSpec = 10;
			files = (
				7529719FBEAA212F88E7295C /* KotodamaCore.framework in Embed Frameworks */,
			);
			name = "Embed Frameworks";
			runOnlyForDeploymentPostprocessing = 0;
		};
/* End PBXCopyFilesBuildPhase section */

/* Begin PBXFileReference section */
		030684945C14C6CBAA64057F /* ModelCatalog.swift */ = {isa = PBXFileReference; lastKnownFileType = sourcecode.swift; path = ModelCatalog.swift; sourceTree = "<group>"; };
		03E1494AAD53178A1A680279 /* PipelineCoordinator.swift */ = {isa = PBXFileReference; lastKnownFileType = sourcecode.swift; path = PipelineCoordinator.swift; sourceTree = "<group>"; };
		0450E471B8AEAF1C9EA9E059 /* MicrophonePermissionTests.swift */ = {isa = PBXFileReference; lastKnownFileType = sourcecode.swift; path = MicrophonePermissionTests.swift; sourceTree = "<group>"; };
		0AE210015442A705B2F3AEEA /* ModelDownloadCoordinatorTests.swift */ = {isa = PBXFileReference; lastKnownFileType = sourcecode.swift; path = ModelDownloadCoordinatorTests.swift; sourceTree = "<group>"; };
		0AF1DFF961964DE3D0EF3AA5 /* LocalSpeechPipeline.swift */ = {isa = PBXFileReference; lastKnownFileType = sourcecode.swift; path = LocalSpeechPipeline.swift; sourceTree = "<group>"; };
		11761C2322787DB1CA3B22A7 /* SettingsView.swift */ = {isa = PBXFileReference; lastKnownFileType = sourcecode.swift; path = SettingsView.swift; sourceTree = "<group>"; };
		163377464306A3A252A8CC29 /* ModelDownloadCoordinator.swift */ = {isa = PBXFileReference; lastKnownFileType = sourcecode.swift; path = ModelDownloadCoordinator.swift; sourceTree = "<group>"; };
		223537F87A638A6A25C0A009 /* ModelManifestTests.swift */ = {isa = PBXFileReference; lastKnownFileType = sourcecode.swift; path = ModelManifestTests.swift; sourceTree = "<group>"; };
		28ACFFCE4943C9852FE83D73 /* KotodamaVoiceApp.swift */ = {isa = PBXFileReference; lastKnownFileType = sourcecode.swift; path = KotodamaVoiceApp.swift; sourceTree = "<group>"; };
		2AB920251DA74A14ECE2CC71 /* SpeechWorkerClientTests.swift */ = {isa = PBXFileReference; lastKnownFileType = sourcecode.swift; path = SpeechWorkerClientTests.swift; sourceTree = "<group>"; };
		31C4E38780D1164B577359F9 /* ModelManifest.swift */ = {isa = PBXFileReference; lastKnownFileType = sourcecode.swift; path = ModelManifest.swift; sourceTree = "<group>"; };
		3797E508E9AC167BA2BF6402 /* KotodamaVoiceUITests.swift */ = {isa = PBXFileReference; lastKnownFileType = sourcecode.swift; path = KotodamaVoiceUITests.swift; sourceTree = "<group>"; };
		3DD938F4BC6FB93AEFA3881B /* HotKey.swift */ = {isa = PBXFileReference; lastKnownFileType = sourcecode.swift; path = HotKey.swift; sourceTree = "<group>"; };
		426A21DB0B93F6890E207B08 /* CarbonHotKeyBackendTests.swift */ = {isa = PBXFileReference; lastKnownFileType = sourcecode.swift; path = CarbonHotKeyBackendTests.swift; sourceTree = "<group>"; };
		4440A5288A1BAA902BA980E8 /* KotodamaCore.framework */ = {isa = PBXFileReference; explicitFileType = wrapper.framework; includeInIndex = 0; path = KotodamaCore.framework; sourceTree = BUILT_PRODUCTS_DIR; };
		487C3D2C28A272E278E75399 /* KotodamaCore.swift */ = {isa = PBXFileReference; lastKnownFileType = sourcecode.swift; path = KotodamaCore.swift; sourceTree = "<group>"; };
		4899F1D4B44468D6B3A03AE6 /* SpeechRuntime.swift */ = {isa = PBXFileReference; lastKnownFileType = sourcecode.swift; path = SpeechRuntime.swift; sourceTree = "<group>"; };
		510ACFE42081260B79D9FAFC /* ModelsView.swift */ = {isa = PBXFileReference; lastKnownFileType = sourcecode.swift; path = ModelsView.swift; sourceTree = "<group>"; };
		5270DE18A3FE2ECEC569CD31 /* ModelManager.swift */ = {isa = PBXFileReference; lastKnownFileType = sourcecode.swift; path = ModelManager.swift; sourceTree = "<group>"; };
		5476720C032768393BE5582A /* Models.json */ = {isa = PBXFileReference; lastKnownFileType = text.json; path = Models.json; sourceTree = "<group>"; };
		55C5580D51175BF134FA2936 /* KotodamaVoiceUITests.xctest */ = {isa = PBXFileReference; explicitFileType = wrapper.cfbundle; includeInIndex = 0; path = KotodamaVoiceUITests.xctest; sourceTree = BUILT_PRODUCTS_DIR; };
		56629419C9CE473E97605ADA /* EmbeddedWorkerIntegrationTests.swift */ = {isa = PBXFileReference; lastKnownFileType = sourcecode.swift; path = EmbeddedWorkerIntegrationTests.swift; sourceTree = "<group>"; };
		579BB275558C3B34618B7C2A /* LocalSpeechPipelineTests.swift */ = {isa = PBXFileReference; lastKnownFileType = sourcecode.swift; path = LocalSpeechPipelineTests.swift; sourceTree = "<group>"; };
		5B8A0A655F55C34B62C5E0EE /* ClipboardOutputTests.swift */ = {isa = PBXFileReference; lastKnownFileType = sourcecode.swift; path = ClipboardOutputTests.swift; sourceTree = "<group>"; };
		62EE402D36D13B0EB726CBC0 /* SpeechWorker.xpc */ = {isa = PBXFileReference; explicitFileType = "wrapper.xpc-service"; includeInIndex = 0; path = SpeechWorker.xpc; sourceTree = BUILT_PRODUCTS_DIR; };
		64B9DEDB7B0D568ED551B5CE /* LocalSpeechOfflineIntegrationTests.swift */ = {isa = PBXFileReference; lastKnownFileType = sourcecode.swift; path = LocalSpeechOfflineIntegrationTests.swift; sourceTree = "<group>"; };
		6823A96AE15E3F8E45E13555 /* Diagnostics.swift */ = {isa = PBXFileReference; lastKnownFileType = sourcecode.swift; path = Diagnostics.swift; sourceTree = "<group>"; };
		6841313520F8A935BC9A4DAF /* KotodamaVoiceTests.swift */ = {isa = PBXFileReference; lastKnownFileType = sourcecode.swift; path = KotodamaVoiceTests.swift; sourceTree = "<group>"; };
		6C6DADF77368023FCFF7197A /* KotodamaVoiceTests.xctest */ = {isa = PBXFileReference; explicitFileType = wrapper.cfbundle; includeInIndex = 0; path = KotodamaVoiceTests.xctest; sourceTree = BUILT_PRODUCTS_DIR; };
		73F2EF4A4CFD5A7858E3BBA3 /* WorkerMessages.swift */ = {isa = PBXFileReference; lastKnownFileType = sourcecode.swift; path = WorkerMessages.swift; sourceTree = "<group>"; };
		77D8917CFEEE69E9EDC4070C /* ModelOperationGate.swift */ = {isa = PBXFileReference; lastKnownFileType = sourcecode.swift; path = ModelOperationGate.swift; sourceTree = "<group>"; };
		7AB9FE6709141882C797E153 /* SpeechWorkerTests.xctest */ = {isa = PBXFileReference; explicitFileType = wrapper.cfbundle; includeInIndex = 0; path = SpeechWorkerTests.xctest; sourceTree = BUILT_PRODUCTS_DIR; };
		7D4296D37EDFA9006F91FD7E /* KotodamaCoreTests.xctest */ = {isa = PBXFileReference; explicitFileType = wrapper.cfbundle; includeInIndex = 0; path = KotodamaCoreTests.xctest; sourceTree = BUILT_PRODUCTS_DIR; };
		7E355F449AECB3C4A8400BE3 /* SpeechModelEvaluationTests.swift */ = {isa = PBXFileReference; lastKnownFileType = sourcecode.swift; path = SpeechModelEvaluationTests.swift; sourceTree = "<group>"; };
		80A3944F2874EE16F49135C7 /* FormatterWorker.xpc */ = {isa = PBXFileReference; explicitFileType = "wrapper.xpc-service"; includeInIndex = 0; path = FormatterWorker.xpc; sourceTree = BUILT_PRODUCTS_DIR; };
		81D5719B39B1A692C06CBE86 /* AudioSampleConverter.swift */ = {isa = PBXFileReference; lastKnownFileType = sourcecode.swift; path = AudioSampleConverter.swift; sourceTree = "<group>"; };
		88868843C2C55F2F234F1584 /* UserDefaultsHotKeyPreference.swift */ = {isa = PBXFileReference; lastKnownFileType = sourcecode.swift; path = UserDefaultsHotKeyPreference.swift; sourceTree = "<group>"; };
		8D8D5DFA20028FB8580A6178 /* SpeechWorkerClient.swift */ = {isa = PBXFileReference; lastKnownFileType = sourcecode.swift; path = SpeechWorkerClient.swift; sourceTree = "<group>"; };
		8F709A1FAA22DD06B2D15FAF /* whisper.xcframework */ = {isa = PBXFileReference; lastKnownFileType = wrapper.xcframework; name = whisper.xcframework; path = .build/runtimes/artifacts/whisper.xcframework; sourceTree = "<group>"; };
		8FBC669DE78E857852E6F506 /* KotodamaCoreTests.swift */ = {isa = PBXFileReference; lastKnownFileType = sourcecode.swift; path = KotodamaCoreTests.swift; sourceTree = "<group>"; };
		9242674CB909AC70D26074AD /* KotodamaVoice.app */ = {isa = PBXFileReference; explicitFileType = wrapper.application; includeInIndex = 0; path = KotodamaVoice.app; sourceTree = BUILT_PRODUCTS_DIR; };
		A0F90A0C2DC66D8FD33B8402 /* ClipboardOutput.swift */ = {isa = PBXFileReference; lastKnownFileType = sourcecode.swift; path = ClipboardOutput.swift; sourceTree = "<group>"; };
		A109991F1F9EDAB8AFB2A88C /* llama.xcframework */ = {isa = PBXFileReference; lastKnownFileType = wrapper.xcframework; name = llama.xcframework; path = .build/runtimes/artifacts/llama.xcframework; sourceTree = "<group>"; };
		A5475E047C8F88E145361FEC /* FormatterWorkerTests.swift */ = {isa = PBXFileReference; lastKnownFileType = sourcecode.swift; path = FormatterWorkerTests.swift; sourceTree = "<group>"; };
		A5A044366E623A71BFE9CB84 /* main.swift */ = {isa = PBXFileReference; lastKnownFileType = sourcecode.swift; path = main.swift; sourceTree = "<group>"; };
		B2A0521C534370D92B8A8874 /* LaunchAtLogin.swift */ = {isa = PBXFileReference; lastKnownFileType = sourcecode.swift; path = LaunchAtLogin.swift; sourceTree = "<group>"; };
		B68A26A3F8A16DD25A1FE1C5 /* WorkerDiagnostics.swift */ = {isa = PBXFileReference; lastKnownFileType = sourcecode.swift; path = WorkerDiagnostics.swift; sourceTree = "<group>"; };
		C2FB953D49A31BF61348484A /* ModelDownloadHTTPIntegrationTests.swift */ = {isa = PBXFileReference; lastKnownFileType = sourcecode.swift; path = ModelDownloadHTTPIntegrationTests.swift; sourceTree = "<group>"; };
		C35FE10D23F37618CB84C8C8 /* ModelWorkerUnloaderTests.swift */ = {isa = PBXFileReference; lastKnownFileType = sourcecode.swift; path = ModelWorkerUnloaderTests.swift; sourceTree = "<group>"; };
		C95952C9E4529C496BDA938B /* AudioRecordingService.swift */ = {isa = PBXFileReference; lastKnownFileType = sourcecode.swift; path = AudioRecordingService.swift; sourceTree = "<group>"; };
		C9D2617C6E95C214AAC1D1D7 /* ShortcutRecorder.swift */ = {isa = PBXFileReference; lastKnownFileType = sourcecode.swift; path = ShortcutRecorder.swift; sourceTree = "<group>"; };
		CC5326A6DC3792ECF5CC6D96 /* RecordingStartCoordinator.swift */ = {isa = PBXFileReference; lastKnownFileType = sourcecode.swift; path = RecordingStartCoordinator.swift; sourceTree = "<group>"; };
		D01BB1F927CBC5BDE8D5B03C /* AudioSampleConverterTests.swift */ = {isa = PBXFileReference; lastKnownFileType = sourcecode.swift; path = AudioSampleConverterTests.swift; sourceTree = "<group>"; };
		D11BB1CFF6A074E17DA1435F /* ModelWorkerUnloader.swift */ = {isa = PBXFileReference; lastKnownFileType = sourcecode.swift; path = ModelWorkerUnloader.swift; sourceTree = "<group>"; };
		D17AA34DA2B4922241291761 /* TemporaryAudioStore.swift */ = {isa = PBXFileReference; lastKnownFileType = sourcecode.swift; path = TemporaryAudioStore.swift; sourceTree = "<group>"; };
		D1A5D11D804A8B7BDB6C7175 /* AppRuntime.swift */ = {isa = PBXFileReference; lastKnownFileType = sourcecode.swift; path = AppRuntime.swift; sourceTree = "<group>"; };
		D262B41A81B6E67267B0B4DF /* SpeechWorkerTests.swift */ = {isa = PBXFileReference; lastKnownFileType = sourcecode.swift; path = SpeechWorkerTests.swift; sourceTree = "<group>"; };
		D94EEFA207217AFF37C89840 /* ModelManagerSelectionTests.swift */ = {isa = PBXFileReference; lastKnownFileType = sourcecode.swift; path = ModelManagerSelectionTests.swift; sourceTree = "<group>"; };
		DCDF509CDB9A732EE4F9F2D2 /* AVMicrophonePermission.swift */ = {isa = PBXFileReference; lastKnownFileType = sourcecode.swift; path = AVMicrophonePermission.swift; sourceTree = "<group>"; };
		E042E81D56B2E0BFC6C385D4 /* TemporaryAudioStoreTests.swift */ = {isa = PBXFileReference; lastKnownFileType = sourcecode.swift; path = TemporaryAudioStoreTests.swift; sourceTree = "<group>"; };
		E338AAEA7B5F269E00633067 /* ModelOperationGateTests.swift */ = {isa = PBXFileReference; lastKnownFileType = sourcecode.swift; path = ModelOperationGateTests.swift; sourceTree = "<group>"; };
		E414886486A91D92155CDF8D /* WorkerDiagnosticFixture.swift */ = {isa = PBXFileReference; lastKnownFileType = sourcecode.swift; path = WorkerDiagnosticFixture.swift; sourceTree = "<group>"; };
		E41A57AA23343E5644F31E6B /* main.swift */ = {isa = PBXFileReference; lastKnownFileType = sourcecode.swift; path = main.swift; sourceTree = "<group>"; };
		E4FB379D891583CB5D9DA107 /* SpeechEvaluator */ = {isa = PBXFileReference; includeInIndex = 0; path = SpeechEvaluator; sourceTree = BUILT_PRODUCTS_DIR; };
		E7A002F56BBCAE14AD65120F /* FormatterWorkerTests.xctest */ = {isa = PBXFileReference; explicitFileType = wrapper.cfbundle; includeInIndex = 0; path = FormatterWorkerTests.xctest; sourceTree = BUILT_PRODUCTS_DIR; };
		E98A0C0BBD109721E35265FF /* WorkerConnectionManager.swift */ = {isa = PBXFileReference; lastKnownFileType = sourcecode.swift; path = WorkerConnectionManager.swift; sourceTree = "<group>"; };
		ED90C336FE480B0ADC7CA39D /* main.swift */ = {isa = PBXFileReference; lastKnownFileType = sourcecode.swift; path = main.swift; sourceTree = "<group>"; };
		EDE7553E525E6D37D454CB1C /* URLSessionModelDownloader.swift */ = {isa = PBXFileReference; lastKnownFileType = sourcecode.swift; path = URLSessionModelDownloader.swift; sourceTree = "<group>"; };
		F20D8C389F4413253DAAF88A /* PipelineStateMachine.swift */ = {isa = PBXFileReference; lastKnownFileType = sourcecode.swift; path = PipelineStateMachine.swift; sourceTree = "<group>"; };
		F2E810038EE1C18220EF3B0F /* RuntimeMonitorView.swift */ = {isa = PBXFileReference; lastKnownFileType = sourcecode.swift; path = RuntimeMonitorView.swift; sourceTree = "<group>"; };
		F78A93F0ED7F6F8FF212E907 /* CarbonHotKeyBackend.swift */ = {isa = PBXFileReference; lastKnownFileType = sourcecode.swift; path = CarbonHotKeyBackend.swift; sourceTree = "<group>"; };
		FBE752A3FC33E0BFF1FB53FF /* AudioBufferAccumulatorTests.swift */ = {isa = PBXFileReference; lastKnownFileType = sourcecode.swift; path = AudioBufferAccumulatorTests.swift; sourceTree = "<group>"; };
/* End PBXFileReference section */

/* Begin PBXFrameworksBuildPhase section */
		0B7C3198E879020F12BFFB9F /* Frameworks */ = {
			isa = PBXFrameworksBuildPhase;
			buildActionMask = 2147483647;
			files = (
				5A2F6512F819EBD55567A21B /* KotodamaCore.framework in Frameworks */,
			);
			runOnlyForDeploymentPostprocessing = 0;
		};
		1AD0A455EF4C567A6E4B1AB7 /* Frameworks */ = {
			isa = PBXFrameworksBuildPhase;
			buildActionMask = 2147483647;
			files = (
				88855C43D2E9D5FF5C14B1A2 /* KotodamaCore.framework in Frameworks */,
				EAA356300635206501250BE5 /* whisper.xcframework in Frameworks */,
			);
			runOnlyForDeploymentPostprocessing = 0;
		};
		3A44A577AA526A284A202275 /* Frameworks */ = {
			isa = PBXFrameworksBuildPhase;
			buildActionMask = 2147483647;
			files = (
				6C8BD58ADC7D3BE0AE258BC2 /* KotodamaCore.framework in Frameworks */,
				C620873D77438120DDB5097E /* llama.xcframework in Frameworks */,
			);
			runOnlyForDeploymentPostprocessing = 0;
		};
		4557355FF76ACDF432E7E342 /* Frameworks */ = {
			isa = PBXFrameworksBuildPhase;
			buildActionMask = 2147483647;
			files = (
				AC9003F5A8E5A7CCF6F55398 /* KotodamaCore.framework in Frameworks */,
				CA8C968200562003FF37423B /* whisper.xcframework in Frameworks */,
			);
			runOnlyForDeploymentPostprocessing = 0;
		};
		C1D111D87708FAEC8D6F0073 /* Frameworks */ = {
			isa = PBXFrameworksBuildPhase;
			buildActionMask = 2147483647;
			files = (
				3B00E47141E1A066C21301A2 /* KotodamaCore.framework in Frameworks */,
			);
			runOnlyForDeploymentPostprocessing = 0;
		};
		C292E4A6641A9BD2B990C8E0 /* Frameworks */ = {
			isa = PBXFrameworksBuildPhase;
			buildActionMask = 2147483647;
			files = (
				29C267358AF873EF1313A552 /* KotodamaCore.framework in Frameworks */,
				62E2EA35A72F756453A362CC /* whisper.xcframework in Frameworks */,
			);
			runOnlyForDeploymentPostprocessing = 0;
		};
/* End PBXFrameworksBuildPhase section */

/* Begin PBXGroup section */
		04BFE5F67B597802F84C501A /* SpeechWorker */ = {
			isa = PBXGroup;
			children = (
				ED90C336FE480B0ADC7CA39D /* main.swift */,
				4899F1D4B44468D6B3A03AE6 /* SpeechRuntime.swift */,
			);
			path = SpeechWorker;
			sourceTree = "<group>";
		};
		0681181405CD1375ADD174A0 /* Products */ = {
			isa = PBXGroup;
			children = (
				80A3944F2874EE16F49135C7 /* FormatterWorker.xpc */,
				E7A002F56BBCAE14AD65120F /* FormatterWorkerTests.xctest */,
				4440A5288A1BAA902BA980E8 /* KotodamaCore.framework */,
				7D4296D37EDFA9006F91FD7E /* KotodamaCoreTests.xctest */,
				9242674CB909AC70D26074AD /* KotodamaVoice.app */,
				6C6DADF77368023FCFF7197A /* KotodamaVoiceTests.xctest */,
				55C5580D51175BF134FA2936 /* KotodamaVoiceUITests.xctest */,
				E4FB379D891583CB5D9DA107 /* SpeechEvaluator */,
				62EE402D36D13B0EB726CBC0 /* SpeechWorker.xpc */,
				7AB9FE6709141882C797E153 /* SpeechWorkerTests.xctest */,
			);
			name = Products;
			sourceTree = "<group>";
		};
		0E30034AA8334D8BED25B616 = {
			isa = PBXGroup;
			children = (
				4AC2A1DAE616482A512F98CF /* Resources */,
				F6E3256C165610B7FC2E4521 /* Sources */,
				7F9D42CAE8C8A395060456D5 /* Tests */,
				F5A9864B1493A207C68DAB76 /* Tools */,
				D1593F99FCE4D0248C3C922A /* Frameworks */,
				0681181405CD1375ADD174A0 /* Products */,
			);
			sourceTree = "<group>";
		};
		4AC2A1DAE616482A512F98CF /* Resources */ = {
			isa = PBXGroup;
			children = (
				5476720C032768393BE5582A /* Models.json */,
			);
			path = Resources;
			sourceTree = "<group>";
		};
		4ACFAE5C3ED5127CE455188A /* KotodamaVoiceUITests */ = {
			isa = PBXGroup;
			children = (
				3797E508E9AC167BA2BF6402 /* KotodamaVoiceUITests.swift */,
			);
			path = KotodamaVoiceUITests;
			sourceTree = "<group>";
		};
		4BF4F7BCB8897B45C5701365 /* FormatterWorkerTests */ = {
			isa = PBXGroup;
			children = (
				A5475E047C8F88E145361FEC /* FormatterWorkerTests.swift */,
			);
			path = FormatterWorkerTests;
			sourceTree = "<group>";
		};
		5100B75F7C687E7BC4FF8801 /* SpeechEvaluator */ = {
			isa = PBXGroup;
			children = (
				A5A044366E623A71BFE9CB84 /* main.swift */,
			);
			path = SpeechEvaluator;
			sourceTree = "<group>";
		};
		531D498FFF19E735A382561D /* KotodamaVoiceTests */ = {
			isa = PBXGroup;
			children = (
				FBE752A3FC33E0BFF1FB53FF /* AudioBufferAccumulatorTests.swift */,
				D01BB1F927CBC5BDE8D5B03C /* AudioSampleConverterTests.swift */,
				426A21DB0B93F6890E207B08 /* CarbonHotKeyBackendTests.swift */,
				5B8A0A655F55C34B62C5E0EE /* ClipboardOutputTests.swift */,
				56629419C9CE473E97605ADA /* EmbeddedWorkerIntegrationTests.swift */,
				6841313520F8A935BC9A4DAF /* KotodamaVoiceTests.swift */,
				64B9DEDB7B0D568ED551B5CE /* LocalSpeechOfflineIntegrationTests.swift */,
				579BB275558C3B34618B7C2A /* LocalSpeechPipelineTests.swift */,
				C2FB953D49A31BF61348484A /* ModelDownloadHTTPIntegrationTests.swift */,
				D94EEFA207217AFF37C89840 /* ModelManagerSelectionTests.swift */,
				E338AAEA7B5F269E00633067 /* ModelOperationGateTests.swift */,
				C35FE10D23F37618CB84C8C8 /* ModelWorkerUnloaderTests.swift */,
				7E355F449AECB3C4A8400BE3 /* SpeechModelEvaluationTests.swift */,
				2AB920251DA74A14ECE2CC71 /* SpeechWorkerClientTests.swift */,
				E042E81D56B2E0BFC6C385D4 /* TemporaryAudioStoreTests.swift */,
			);
			path = KotodamaVoiceTests;
			sourceTree = "<group>";
		};
		5BD4D75ECCDB4BA5E74B13D2 /* KotodamaCore */ = {
			isa = PBXGroup;
			children = (
				6823A96AE15E3F8E45E13555 /* Diagnostics.swift */,
				3DD938F4BC6FB93AEFA3881B /* HotKey.swift */,
				487C3D2C28A272E278E75399 /* KotodamaCore.swift */,
				163377464306A3A252A8CC29 /* ModelDownloadCoordinator.swift */,
				31C4E38780D1164B577359F9 /* ModelManifest.swift */,
				03E1494AAD53178A1A680279 /* PipelineCoordinator.swift */,
				F20D8C389F4413253DAAF88A /* PipelineStateMachine.swift */,
				CC5326A6DC3792ECF5CC6D96 /* RecordingStartCoordinator.swift */,
				E98A0C0BBD109721E35265FF /* WorkerConnectionManager.swift */,
				E414886486A91D92155CDF8D /* WorkerDiagnosticFixture.swift */,
				73F2EF4A4CFD5A7858E3BBA3 /* WorkerMessages.swift */,
			);
			path = KotodamaCore;
			sourceTree = "<group>";
		};
		7F9D42CAE8C8A395060456D5 /* Tests */ = {
			isa = PBXGroup;
			children = (
				4BF4F7BCB8897B45C5701365 /* FormatterWorkerTests */,
				B82B0B278742548FDF9C8062 /* KotodamaCoreTests */,
				531D498FFF19E735A382561D /* KotodamaVoiceTests */,
				4ACFAE5C3ED5127CE455188A /* KotodamaVoiceUITests */,
				81AD7901C4865825E098F174 /* SpeechWorkerTests */,
			);
			path = Tests;
			sourceTree = "<group>";
		};
		81AD7901C4865825E098F174 /* SpeechWorkerTests */ = {
			isa = PBXGroup;
			children = (
				D262B41A81B6E67267B0B4DF /* SpeechWorkerTests.swift */,
			);
			path = SpeechWorkerTests;
			sourceTree = "<group>";
		};
		B82B0B278742548FDF9C8062 /* KotodamaCoreTests */ = {
			isa = PBXGroup;
			children = (
				8FBC669DE78E857852E6F506 /* KotodamaCoreTests.swift */,
				0450E471B8AEAF1C9EA9E059 /* MicrophonePermissionTests.swift */,
				0AE210015442A705B2F3AEEA /* ModelDownloadCoordinatorTests.swift */,
				223537F87A638A6A25C0A009 /* ModelManifestTests.swift */,
			);
			path = KotodamaCoreTests;
			sourceTree = "<group>";
		};
		C538AA36F7322D7BC52C2C36 /* KotodamaVoice */ = {
			isa = PBXGroup;
			children = (
				D1A5D11D804A8B7BDB6C7175 /* AppRuntime.swift */,
				C95952C9E4529C496BDA938B /* AudioRecordingService.swift */,
				81D5719B39B1A692C06CBE86 /* AudioSampleConverter.swift */,
				DCDF509CDB9A732EE4F9F2D2 /* AVMicrophonePermission.swift */,
				F78A93F0ED7F6F8FF212E907 /* CarbonHotKeyBackend.swift */,
				A0F90A0C2DC66D8FD33B8402 /* ClipboardOutput.swift */,
				28ACFFCE4943C9852FE83D73 /* KotodamaVoiceApp.swift */,
				B2A0521C534370D92B8A8874 /* LaunchAtLogin.swift */,
				0AF1DFF961964DE3D0EF3AA5 /* LocalSpeechPipeline.swift */,
				030684945C14C6CBAA64057F /* ModelCatalog.swift */,
				5270DE18A3FE2ECEC569CD31 /* ModelManager.swift */,
				77D8917CFEEE69E9EDC4070C /* ModelOperationGate.swift */,
				510ACFE42081260B79D9FAFC /* ModelsView.swift */,
				D11BB1CFF6A074E17DA1435F /* ModelWorkerUnloader.swift */,
				F2E810038EE1C18220EF3B0F /* RuntimeMonitorView.swift */,
				11761C2322787DB1CA3B22A7 /* SettingsView.swift */,
				C9D2617C6E95C214AAC1D1D7 /* ShortcutRecorder.swift */,
				8D8D5DFA20028FB8580A6178 /* SpeechWorkerClient.swift */,
				D17AA34DA2B4922241291761 /* TemporaryAudioStore.swift */,
				EDE7553E525E6D37D454CB1C /* URLSessionModelDownloader.swift */,
				88868843C2C55F2F234F1584 /* UserDefaultsHotKeyPreference.swift */,
				B68A26A3F8A16DD25A1FE1C5 /* WorkerDiagnostics.swift */,
			);
			path = KotodamaVoice;
			sourceTree = "<group>";
		};
		D1593F99FCE4D0248C3C922A /* Frameworks */ = {
			isa = PBXGroup;
			children = (
				A109991F1F9EDAB8AFB2A88C /* llama.xcframework */,
				8F709A1FAA22DD06B2D15FAF /* whisper.xcframework */,
			);
			name = Frameworks;
			sourceTree = "<group>";
		};
		E90C111D903C030A68975E84 /* FormatterWorker */ = {
			isa = PBXGroup;
			children = (
				E41A57AA23343E5644F31E6B /* main.swift */,
			);
			path = FormatterWorker;
			sourceTree = "<group>";
		};
		F5A9864B1493A207C68DAB76 /* Tools */ = {
			isa = PBXGroup;
			children = (
				5100B75F7C687E7BC4FF8801 /* SpeechEvaluator */,
			);
			path = Tools;
			sourceTree = "<group>";
		};
		F6E3256C165610B7FC2E4521 /* Sources */ = {
			isa = PBXGroup;
			children = (
				E90C111D903C030A68975E84 /* FormatterWorker */,
				5BD4D75ECCDB4BA5E74B13D2 /* KotodamaCore */,
				C538AA36F7322D7BC52C2C36 /* KotodamaVoice */,
				04BFE5F67B597802F84C501A /* SpeechWorker */,
			);
			path = Sources;
			sourceTree = "<group>";
		};
/* End PBXGroup section */

/* Begin PBXNativeTarget section */
		0EF7A75C12F9019C72867BA0 /* FormatterWorker */ = {
			isa = PBXNativeTarget;
			buildConfigurationList = FB9F7EFFB706951C06088002 /* Build configuration list for PBXNativeTarget "FormatterWorker" */;
			buildPhases = (
				857453F6CB4F1F77AEF36D97 /* Sources */,
				3A44A577AA526A284A202275 /* Frameworks */,
				EBEC8443CA4F7C08F27A917F /* Embed Frameworks */,
			);
			buildRules = (
			);
			dependencies = (
				4D60B282C0C462148BF0BC8A /* PBXTargetDependency */,
			);
			name = FormatterWorker;
			packageProductDependencies = (
			);
			productName = FormatterWorker;
			productReference = 80A3944F2874EE16F49135C7 /* FormatterWorker.xpc */;
			productType = "com.apple.product-type.xpc-service";
		};
		2F14D91008AE0246689D4F22 /* KotodamaVoiceUITests */ = {
			isa = PBXNativeTarget;
			buildConfigurationList = B38E8A5F92E31EBA6D3D24C6 /* Build configuration list for PBXNativeTarget "KotodamaVoiceUITests" */;
			buildPhases = (
				C6C842DDFFF8F38D27CC1C34 /* Sources */,
			);
			buildRules = (
			);
			dependencies = (
				75DA8E8C88AC00AF85C53519 /* PBXTargetDependency */,
			);
			name = KotodamaVoiceUITests;
			packageProductDependencies = (
			);
			productName = KotodamaVoiceUITests;
			productReference = 55C5580D51175BF134FA2936 /* KotodamaVoiceUITests.xctest */;
			productType = "com.apple.product-type.bundle.ui-testing";
		};
		4384A4DBD139752DFC48527F /* SpeechEvaluator */ = {
			isa = PBXNativeTarget;
			buildConfigurationList = 45C89397DB8008A7527E0B92 /* Build configuration list for PBXNativeTarget "SpeechEvaluator" */;
			buildPhases = (
				27B838D8230DDA528E46E018 /* Sources */,
				C292E4A6641A9BD2B990C8E0 /* Frameworks */,
			);
			buildRules = (
			);
			dependencies = (
				8BEF8EB25F8462DB0C52ADF9 /* PBXTargetDependency */,
			);
			name = SpeechEvaluator;
			packageProductDependencies = (
			);
			productName = SpeechEvaluator;
			productReference = E4FB379D891583CB5D9DA107 /* SpeechEvaluator */;
			productType = "com.apple.product-type.tool";
		};
		516E10BF2C5A2E645C10AF78 /* KotodamaVoiceTests */ = {
			isa = PBXNativeTarget;
			buildConfigurationList = 23544992D431BA3C8E8E633F /* Build configuration list for PBXNativeTarget "KotodamaVoiceTests" */;
			buildPhases = (
				14869FD0CF90CD14330EDEC4 /* Sources */,
			);
			buildRules = (
			);
			dependencies = (
				C71777480307AF6225708228 /* PBXTargetDependency */,
			);
			name = KotodamaVoiceTests;
			packageProductDependencies = (
			);
			productName = KotodamaVoiceTests;
			productReference = 6C6DADF77368023FCFF7197A /* KotodamaVoiceTests.xctest */;
			productType = "com.apple.product-type.bundle.unit-test";
		};
		57341B135479336FAE33401B /* SpeechWorkerTests */ = {
			isa = PBXNativeTarget;
			buildConfigurationList = E4F9C2D60C720871C4AB1969 /* Build configuration list for PBXNativeTarget "SpeechWorkerTests" */;
			buildPhases = (
				2BDCDC1EF09533F3A757ECAB /* Prepare speech test fixtures */,
				881BD707FFF3943DBDDA301E /* Sources */,
				4557355FF76ACDF432E7E342 /* Frameworks */,
				82A3B2A0E63AD5BA23B1A171 /* Embed Frameworks */,
			);
			buildRules = (
			);
			dependencies = (
				ECFA717188EA2CE38DE3ADBA /* PBXTargetDependency */,
			);
			name = SpeechWorkerTests;
			packageProductDependencies = (
			);
			productName = SpeechWorkerTests;
			productReference = 7AB9FE6709141882C797E153 /* SpeechWorkerTests.xctest */;
			productType = "com.apple.product-type.bundle.unit-test";
		};
		9875826B4579930608B24E5E /* SpeechWorker */ = {
			isa = PBXNativeTarget;
			buildConfigurationList = 5CD8758EBF061C349972644C /* Build configuration list for PBXNativeTarget "SpeechWorker" */;
			buildPhases = (
				A8FAEDF856523A372737B6C7 /* Sources */,
				1AD0A455EF4C567A6E4B1AB7 /* Frameworks */,
				F0326059C0C0E105B57BEF7A /* Embed Frameworks */,
			);
			buildRules = (
			);
			dependencies = (
				B2BC0D3CBAEF63A7F8C29384 /* PBXTargetDependency */,
			);
			name = SpeechWorker;
			packageProductDependencies = (
			);
			productName = SpeechWorker;
			productReference = 62EE402D36D13B0EB726CBC0 /* SpeechWorker.xpc */;
			productType = "com.apple.product-type.xpc-service";
		};
		A551D0CDDA16A256B9C781E1 /* KotodamaCoreTests */ = {
			isa = PBXNativeTarget;
			buildConfigurationList = 54A5F881B08AFF08CC217E1F /* Build configuration list for PBXNativeTarget "KotodamaCoreTests" */;
			buildPhases = (
				AC01DE9CF64B39B48F251CE3 /* Sources */,
				C1D111D87708FAEC8D6F0073 /* Frameworks */,
				F78DFBE6B64D7D988B25660B /* Embed Frameworks */,
			);
			buildRules = (
			);
			dependencies = (
				20C2BE32EF95F89B15346A4C /* PBXTargetDependency */,
			);
			name = KotodamaCoreTests;
			packageProductDependencies = (
			);
			productName = KotodamaCoreTests;
			productReference = 7D4296D37EDFA9006F91FD7E /* KotodamaCoreTests.xctest */;
			productType = "com.apple.product-type.bundle.unit-test";
		};
		A6EB1756E50B611BB2B7C001 /* KotodamaCore */ = {
			isa = PBXNativeTarget;
			buildConfigurationList = AE69EE2C6CB5CFF7A4D9954D /* Build configuration list for PBXNativeTarget "KotodamaCore" */;
			buildPhases = (
				EEB3F4FC2B77814FD6371DBB /* Verify Core dependencies */,
				D502B09FC5104BA587CFFF1D /* Sources */,
			);
			buildRules = (
			);
			dependencies = (
			);
			name = KotodamaCore;
			packageProductDependencies = (
			);
			productName = KotodamaCore;
			productReference = 4440A5288A1BAA902BA980E8 /* KotodamaCore.framework */;
			productType = "com.apple.product-type.framework";
		};
		DFB49847B0F71CD7D7287146 /* KotodamaVoice */ = {
			isa = PBXNativeTarget;
			buildConfigurationList = 5E58F22F99EE8EF1B3A26E1E /* Build configuration list for PBXNativeTarget "KotodamaVoice" */;
			buildPhases = (
				B0C70BE4258E85000020B5CE /* Sources */,
				766265E0DB0F765E720D0D53 /* Resources */,
				9FCE100FE3341E18EA78A98E /* CopyFiles */,
				0B7C3198E879020F12BFFB9F /* Frameworks */,
				28DA8BA84458D75E5B2DDF31 /* Embed Frameworks */,
			);
			buildRules = (
			);
			dependencies = (
				52098D88406D9665C25A5C65 /* PBXTargetDependency */,
				52DBD7BE97E42CC73E50CCB4 /* PBXTargetDependency */,
				89CE6F9F410D6DAD47B8B13C /* PBXTargetDependency */,
			);
			name = KotodamaVoice;
			packageProductDependencies = (
			);
			productName = KotodamaVoice;
			productReference = 9242674CB909AC70D26074AD /* KotodamaVoice.app */;
			productType = "com.apple.product-type.application";
		};
		FA5A8597454049A1729BFE85 /* FormatterWorkerTests */ = {
			isa = PBXNativeTarget;
			buildConfigurationList = 56C6CE9DC14302058C0C42EC /* Build configuration list for PBXNativeTarget "FormatterWorkerTests" */;
			buildPhases = (
				923F8D9BB67648EBAFD4DF0D /* Sources */,
			);
			buildRules = (
			);
			dependencies = (
				813F464D50E4961193398173 /* PBXTargetDependency */,
			);
			name = FormatterWorkerTests;
			packageProductDependencies = (
			);
			productName = FormatterWorkerTests;
			productReference = E7A002F56BBCAE14AD65120F /* FormatterWorkerTests.xctest */;
			productType = "com.apple.product-type.bundle.unit-test";
		};
/* End PBXNativeTarget section */

/* Begin PBXProject section */
		568352D46B68EA038A29E0A1 /* Project object */ = {
			isa = PBXProject;
			attributes = {
				BuildIndependentTargetsInParallel = YES;
				LastUpgradeCheck = 2600;
				TargetAttributes = {
					0EF7A75C12F9019C72867BA0 = {
						DevelopmentTeam = B7VP34NYD2;
						ProvisioningStyle = Automatic;
					};
					2F14D91008AE0246689D4F22 = {
						DevelopmentTeam = B7VP34NYD2;
						ProvisioningStyle = Automatic;
						TestTargetID = DFB49847B0F71CD7D7287146;
					};
					4384A4DBD139752DFC48527F = {
						DevelopmentTeam = B7VP34NYD2;
						ProvisioningStyle = Automatic;
					};
					516E10BF2C5A2E645C10AF78 = {
						DevelopmentTeam = B7VP34NYD2;
						ProvisioningStyle = Automatic;
					};
					57341B135479336FAE33401B = {
						DevelopmentTeam = B7VP34NYD2;
						ProvisioningStyle = Automatic;
					};
					9875826B4579930608B24E5E = {
						DevelopmentTeam = B7VP34NYD2;
						ProvisioningStyle = Automatic;
					};
					A551D0CDDA16A256B9C781E1 = {
						DevelopmentTeam = B7VP34NYD2;
						ProvisioningStyle = Automatic;
					};
					A6EB1756E50B611BB2B7C001 = {
						DevelopmentTeam = B7VP34NYD2;
						ProvisioningStyle = Automatic;
					};
					DFB49847B0F71CD7D7287146 = {
						DevelopmentTeam = B7VP34NYD2;
						ProvisioningStyle = Automatic;
					};
					FA5A8597454049A1729BFE85 = {
						DevelopmentTeam = B7VP34NYD2;
						ProvisioningStyle = Automatic;
					};
				};
			};
			buildConfigurationList = F2C2C46D7DBBE7278524CBCD /* Build configuration list for PBXProject "KotodamaVoice" */;
			developmentRegion = en;
			hasScannedForEncodings = 0;
			knownRegions = (
				Base,
				en,
			);
			mainGroup = 0E30034AA8334D8BED25B616;
			minimizedProjectReferenceProxies = 1;
			preferredProjectObjectVersion = 77;
			productRefGroup = 0681181405CD1375ADD174A0 /* Products */;
			projectDirPath = "";
			projectRoot = "";
			targets = (
				0EF7A75C12F9019C72867BA0 /* FormatterWorker */,
				FA5A8597454049A1729BFE85 /* FormatterWorkerTests */,
				A6EB1756E50B611BB2B7C001 /* KotodamaCore */,
				A551D0CDDA16A256B9C781E1 /* KotodamaCoreTests */,
				DFB49847B0F71CD7D7287146 /* KotodamaVoice */,
				516E10BF2C5A2E645C10AF78 /* KotodamaVoiceTests */,
				2F14D91008AE0246689D4F22 /* KotodamaVoiceUITests */,
				4384A4DBD139752DFC48527F /* SpeechEvaluator */,
				9875826B4579930608B24E5E /* SpeechWorker */,
				57341B135479336FAE33401B /* SpeechWorkerTests */,
			);
		};
/* End PBXProject section */

/* Begin PBXResourcesBuildPhase section */
		766265E0DB0F765E720D0D53 /* Resources */ = {
			isa = PBXResourcesBuildPhase;
			buildActionMask = 2147483647;
			files = (
				FFBE534090CAEEA608442242 /* Models.json in Resources */,
			);
			runOnlyForDeploymentPostprocessing = 0;
		};
/* End PBXResourcesBuildPhase section */

/* Begin PBXShellScriptBuildPhase section */
		2BDCDC1EF09533F3A757ECAB /* Prepare speech test fixtures */ = {
			isa = PBXShellScriptBuildPhase;
			alwaysOutOfDate = 1;
			buildActionMask = 2147483647;
			files = (
			);
			inputFileListPaths = (
			);
			inputPaths = (
			);
			name = "Prepare speech test fixtures";
			outputFileListPaths = (
			);
			outputPaths = (
			);
			runOnlyForDeploymentPostprocessing = 0;
			shellPath = /bin/sh;
			shellScript = "Scripts/prepare-speech-test-fixtures.sh";
		};
		EEB3F4FC2B77814FD6371DBB /* Verify Core dependencies */ = {
			isa = PBXShellScriptBuildPhase;
			alwaysOutOfDate = 1;
			buildActionMask = 2147483647;
			files = (
			);
			inputFileListPaths = (
			);
			inputPaths = (
			);
			name = "Verify Core dependencies";
			outputFileListPaths = (
			);
			outputPaths = (
			);
			runOnlyForDeploymentPostprocessing = 0;
			shellPath = /bin/sh;
			shellScript = "Scripts/verify-core-dependencies.sh";
		};
/* End PBXShellScriptBuildPhase section */

/* Begin PBXSourcesBuildPhase section */
		14869FD0CF90CD14330EDEC4 /* Sources */ = {
			isa = PBXSourcesBuildPhase;
			buildActionMask = 2147483647;
			files = (
				7A6E8E44D2DBEF3D9429D029 /* AudioBufferAccumulatorTests.swift in Sources */,
				EBE31FB6205FF5E70BB095E4 /* AudioSampleConverterTests.swift in Sources */,
				C569DF0986B25B0E779E336E /* CarbonHotKeyBackendTests.swift in Sources */,
				8884F151A1F8ECB6949F8C3F /* ClipboardOutputTests.swift in Sources */,
				14278F37DD287B964F745026 /* EmbeddedWorkerIntegrationTests.swift in Sources */,
				4F4FD8A84D7A95F59165EDF3 /* KotodamaVoiceTests.swift in Sources */,
				221A344BBA3639D2B3C0B6F2 /* LocalSpeechOfflineIntegrationTests.swift in Sources */,
				1F6BB0004573C5BDEF14E411 /* LocalSpeechPipelineTests.swift in Sources */,
				BC489D84530AC3011C58A3A2 /* ModelDownloadHTTPIntegrationTests.swift in Sources */,
				1988C9CEF5C27C50BC3C4AD6 /* ModelManagerSelectionTests.swift in Sources */,
				6B2D212637BEFBD0900099D3 /* ModelOperationGateTests.swift in Sources */,
				D72B84C99ADDD72C19B5B119 /* ModelWorkerUnloaderTests.swift in Sources */,
				92B28808C99CE1598120DD57 /* SpeechModelEvaluationTests.swift in Sources */,
				E43513C3FA5EC51371270205 /* SpeechWorkerClientTests.swift in Sources */,
				EDEE2C47484A72D0C0CE8A48 /* TemporaryAudioStoreTests.swift in Sources */,
			);
			runOnlyForDeploymentPostprocessing = 0;
		};
		27B838D8230DDA528E46E018 /* Sources */ = {
			isa = PBXSourcesBuildPhase;
			buildActionMask = 2147483647;
			files = (
				47C139ACBC14BEA8515727C2 /* SpeechRuntime.swift in Sources */,
				1375AF2F811791137F1D4B9C /* main.swift in Sources */,
			);
			runOnlyForDeploymentPostprocessing = 0;
		};
		857453F6CB4F1F77AEF36D97 /* Sources */ = {
			isa = PBXSourcesBuildPhase;
			buildActionMask = 2147483647;
			files = (
				22D2F132C4B309B8CF488321 /* main.swift in Sources */,
			);
			runOnlyForDeploymentPostprocessing = 0;
		};
		881BD707FFF3943DBDDA301E /* Sources */ = {
			isa = PBXSourcesBuildPhase;
			buildActionMask = 2147483647;
			files = (
				97BF379C3E87222694CAE20C /* SpeechRuntime.swift in Sources */,
				C45BA0E732C0D5B3502E28B5 /* SpeechWorkerTests.swift in Sources */,
			);
			runOnlyForDeploymentPostprocessing = 0;
		};
		923F8D9BB67648EBAFD4DF0D /* Sources */ = {
			isa = PBXSourcesBuildPhase;
			buildActionMask = 2147483647;
			files = (
				5B7AB2438A108AA70D054101 /* FormatterWorkerTests.swift in Sources */,
			);
			runOnlyForDeploymentPostprocessing = 0;
		};
		A8FAEDF856523A372737B6C7 /* Sources */ = {
			isa = PBXSourcesBuildPhase;
			buildActionMask = 2147483647;
			files = (
				A59E16B231D25AA7BC376A5E /* SpeechRuntime.swift in Sources */,
				D9162D80A5BC57760BBBA0B5 /* main.swift in Sources */,
			);
			runOnlyForDeploymentPostprocessing = 0;
		};
		AC01DE9CF64B39B48F251CE3 /* Sources */ = {
			isa = PBXSourcesBuildPhase;
			buildActionMask = 2147483647;
			files = (
				F8E4E561C29A90CE16A3B548 /* KotodamaCoreTests.swift in Sources */,
				F5E9556821A066E7E8BE83E5 /* MicrophonePermissionTests.swift in Sources */,
				F337C8C3C10F2FE4B8F12843 /* ModelDownloadCoordinatorTests.swift in Sources */,
				061B45C4249559749743808E /* ModelManifestTests.swift in Sources */,
			);
			runOnlyForDeploymentPostprocessing = 0;
		};
		B0C70BE4258E85000020B5CE /* Sources */ = {
			isa = PBXSourcesBuildPhase;
			buildActionMask = 2147483647;
			files = (
				B8CAFCDBE35CC6B7455845B1 /* AVMicrophonePermission.swift in Sources */,
				81FFBB36BAA1E29A1051FF61 /* AppRuntime.swift in Sources */,
				9EA32DF5C5D509C9266ECA9E /* AudioRecordingService.swift in Sources */,
				CF0D91917C50BAC095EE932B /* AudioSampleConverter.swift in Sources */,
				073244A5D4F1D6E902063E3E /* CarbonHotKeyBackend.swift in Sources */,
				2785B9AD6B1EEC2F8D8D126A /* ClipboardOutput.swift in Sources */,
				B6D184B9896BD5C2ABE50377 /* KotodamaVoiceApp.swift in Sources */,
				F23CD0326C846F04CC3DC17E /* LaunchAtLogin.swift in Sources */,
				B9E7E90E4330E89D6940E7B8 /* LocalSpeechPipeline.swift in Sources */,
				FA4352846E2A3EF093C3F21E /* ModelCatalog.swift in Sources */,
				FABE467165DA313EC4ED2088 /* ModelManager.swift in Sources */,
				49655035111E03525A6C578F /* ModelOperationGate.swift in Sources */,
				A1B67994B2BDB1363FC031D2 /* ModelWorkerUnloader.swift in Sources */,
				F27BBEF1589B4AC40BFF515E /* ModelsView.swift in Sources */,
				1A0F8B8B417591DA047128A5 /* RuntimeMonitorView.swift in Sources */,
				B67FD5FD629144B705A13FF4 /* SettingsView.swift in Sources */,
				157B69F84BB0F25B95410600 /* ShortcutRecorder.swift in Sources */,
				6FAE6C97E0D815A1981FC1AF /* SpeechWorkerClient.swift in Sources */,
				1E9899545FDE91FB20280AC4 /* TemporaryAudioStore.swift in Sources */,
				5A0783CE5C0D1C33FFD4E755 /* URLSessionModelDownloader.swift in Sources */,
				ECC13AF7AA18EF340F087D7F /* UserDefaultsHotKeyPreference.swift in Sources */,
				CB9644E56A512B65FCB66C12 /* WorkerDiagnostics.swift in Sources */,
			);
			runOnlyForDeploymentPostprocessing = 0;
		};
		C6C842DDFFF8F38D27CC1C34 /* Sources */ = {
			isa = PBXSourcesBuildPhase;
			buildActionMask = 2147483647;
			files = (
				3082A02AD913316B129C9ECA /* KotodamaVoiceUITests.swift in Sources */,
			);
			runOnlyForDeploymentPostprocessing = 0;
		};
		D502B09FC5104BA587CFFF1D /* Sources */ = {
			isa = PBXSourcesBuildPhase;
			buildActionMask = 2147483647;
			files = (
				7493BDF448A033A95044EC68 /* Diagnostics.swift in Sources */,
				473491B0408C052E808733BE /* HotKey.swift in Sources */,
				02058CB34BB16684A868E6CA /* KotodamaCore.swift in Sources */,
				628A758DC07E34E39443B704 /* ModelDownloadCoordinator.swift in Sources */,
				C004EE7FE49C131969FD78A0 /* ModelManifest.swift in Sources */,
				C3A2598AE024237FC31AD00A /* PipelineCoordinator.swift in Sources */,
				F42F88FFE4D94DD92A215388 /* PipelineStateMachine.swift in Sources */,
				975B41D69AB46103CA098462 /* RecordingStartCoordinator.swift in Sources */,
				792EC659BF1FCE6DB494F089 /* WorkerConnectionManager.swift in Sources */,
				D73730B60BD60396B4C3381A /* WorkerDiagnosticFixture.swift in Sources */,
				5BA78082908D0D574EC66CCC /* WorkerMessages.swift in Sources */,
			);
			runOnlyForDeploymentPostprocessing = 0;
		};
/* End PBXSourcesBuildPhase section */

/* Begin PBXTargetDependency section */
		20C2BE32EF95F89B15346A4C /* PBXTargetDependency */ = {
			isa = PBXTargetDependency;
			target = A6EB1756E50B611BB2B7C001 /* KotodamaCore */;
			targetProxy = 94B9B70944F04D499544E64A /* PBXContainerItemProxy */;
		};
		4D60B282C0C462148BF0BC8A /* PBXTargetDependency */ = {
			isa = PBXTargetDependency;
			target = A6EB1756E50B611BB2B7C001 /* KotodamaCore */;
			targetProxy = AEFE1394EFABEBE07E042828 /* PBXContainerItemProxy */;
		};
		52098D88406D9665C25A5C65 /* PBXTargetDependency */ = {
			isa = PBXTargetDependency;
			target = A6EB1756E50B611BB2B7C001 /* KotodamaCore */;
			targetProxy = 3ED929E3A972E27B73D5DF95 /* PBXContainerItemProxy */;
		};
		52DBD7BE97E42CC73E50CCB4 /* PBXTargetDependency */ = {
			isa = PBXTargetDependency;
			target = 9875826B4579930608B24E5E /* SpeechWorker */;
			targetProxy = 852FF8E80E07269FC88DA408 /* PBXContainerItemProxy */;
		};
		75DA8E8C88AC00AF85C53519 /* PBXTargetDependency */ = {
			isa = PBXTargetDependency;
			target = DFB49847B0F71CD7D7287146 /* KotodamaVoice */;
			targetProxy = AE2061392339BECD79C4661F /* PBXContainerItemProxy */;
		};
		813F464D50E4961193398173 /* PBXTargetDependency */ = {
			isa = PBXTargetDependency;
			target = 0EF7A75C12F9019C72867BA0 /* FormatterWorker */;
			targetProxy = 473793702D253DD1576E7DAA /* PBXContainerItemProxy */;
		};
		89CE6F9F410D6DAD47B8B13C /* PBXTargetDependency */ = {
			isa = PBXTargetDependency;
			target = 0EF7A75C12F9019C72867BA0 /* FormatterWorker */;
			targetProxy = 4B4AD5D969C22B23413B23F7 /* PBXContainerItemProxy */;
		};
		8BEF8EB25F8462DB0C52ADF9 /* PBXTargetDependency */ = {
			isa = PBXTargetDependency;
			target = A6EB1756E50B611BB2B7C001 /* KotodamaCore */;
			targetProxy = 546AFBC32699744395D89CE3 /* PBXContainerItemProxy */;
		};
		B2BC0D3CBAEF63A7F8C29384 /* PBXTargetDependency */ = {
			isa = PBXTargetDependency;
			target = A6EB1756E50B611BB2B7C001 /* KotodamaCore */;
			targetProxy = AB0B0923697D171E74BD0729 /* PBXContainerItemProxy */;
		};
		C71777480307AF6225708228 /* PBXTargetDependency */ = {
			isa = PBXTargetDependency;
			target = DFB49847B0F71CD7D7287146 /* KotodamaVoice */;
			targetProxy = 007830BFC9BA2E50A31123F3 /* PBXContainerItemProxy */;
		};
		ECFA717188EA2CE38DE3ADBA /* PBXTargetDependency */ = {
			isa = PBXTargetDependency;
			target = A6EB1756E50B611BB2B7C001 /* KotodamaCore */;
			targetProxy = 829D359B5414A23DD35AD714 /* PBXContainerItemProxy */;
		};
/* End PBXTargetDependency section */

/* Begin XCBuildConfiguration section */
		0105D977A4371A39597095EE /* Release */ = {
			isa = XCBuildConfiguration;
			buildSettings = {
				BUNDLE_LOADER = "$(TEST_HOST)";
				COMBINE_HIDPI_IMAGES = YES;
				GENERATE_INFOPLIST_FILE = YES;
				LD_RUNPATH_SEARCH_PATHS = (
					"$(inherited)",
					"@executable_path/../Frameworks",
					"@loader_path/../Frameworks",
				);
				PRODUCT_BUNDLE_IDENTIFIER = jp.tsuyuki.KotodamaVoice.FormatterWorkerTests;
				SDKROOT = macosx;
			};
			name = Release;
		};
		043CD09F7A4B3DCFB283B5EF /* Release */ = {
			isa = XCBuildConfiguration;
			buildSettings = {
				BUNDLE_LOADER = "$(TEST_HOST)";
				COMBINE_HIDPI_IMAGES = YES;
				GENERATE_INFOPLIST_FILE = YES;
				LD_RUNPATH_SEARCH_PATHS = (
					"$(inherited)",
					"@executable_path/../Frameworks",
					"@loader_path/../Frameworks",
				);
				PRODUCT_BUNDLE_IDENTIFIER = jp.tsuyuki.KotodamaVoice.Tests;
				SDKROOT = macosx;
				TEST_HOST = "$(BUILT_PRODUCTS_DIR)/KotodamaVoice.app/Contents/MacOS/KotodamaVoice";
			};
			name = Release;
		};
		067592927722DE0E54C209C9 /* Release */ = {
			isa = XCBuildConfiguration;
			buildSettings = {
				BUNDLE_LOADER = "$(TEST_HOST)";
				COMBINE_HIDPI_IMAGES = YES;
				FRAMEWORK_SEARCH_PATHS = (
					"$(inherited)",
					"\".build/runtimes/artifacts\"",
				);
				GENERATE_INFOPLIST_FILE = YES;
				LD_RUNPATH_SEARCH_PATHS = (
					"$(inherited)",
					"@executable_path/../Frameworks",
					"@loader_path/../Frameworks",
				);
				PRODUCT_BUNDLE_IDENTIFIER = jp.tsuyuki.KotodamaVoice.SpeechWorkerTests;
				SDKROOT = macosx;
			};
			name = Release;
		};
		095D0AD76BE5186DC600EE42 /* Debug */ = {
			isa = XCBuildConfiguration;
			buildSettings = {
				BUNDLE_LOADER = "$(TEST_HOST)";
				COMBINE_HIDPI_IMAGES = YES;
				FRAMEWORK_SEARCH_PATHS = (
					"$(inherited)",
					"\".build/runtimes/artifacts\"",
				);
				GENERATE_INFOPLIST_FILE = YES;
				LD_RUNPATH_SEARCH_PATHS = (
					"$(inherited)",
					"@executable_path/../Frameworks",
					"@loader_path/../Frameworks",
				);
				PRODUCT_BUNDLE_IDENTIFIER = jp.tsuyuki.KotodamaVoice.SpeechWorkerTests;
				SDKROOT = macosx;
			};
			name = Debug;
		};
		1A5EEACD5A7CA0F0F7A2D8C2 /* Release */ = {
			isa = XCBuildConfiguration;
			buildSettings = {
				CODE_SIGN_ENTITLEMENTS = Config/FormatterWorker.entitlements;
				COMBINE_HIDPI_IMAGES = YES;
				ENABLE_HARDENED_RUNTIME = YES;
				FRAMEWORK_SEARCH_PATHS = (
					"$(inherited)",
					"\".build/runtimes/artifacts\"",
				);
				INFOPLIST_FILE = "Config/FormatterWorker-Info.plist";
				LD_RUNPATH_SEARCH_PATHS = (
					"$(inherited)",
					"@executable_path/../Frameworks",
				);
				PRODUCT_BUNDLE_IDENTIFIER = jp.tsuyuki.KotodamaVoice.worker.formatter;
				REGISTER_APP_GROUPS = YES;
				SDKROOT = macosx;
				SKIP_INSTALL = YES;
			};
			name = Release;
		};
		1A7EFC4030D2EEE5220D2EF5 /* Release */ = {
			isa = XCBuildConfiguration;
			buildSettings = {
				COMBINE_HIDPI_IMAGES = YES;
				FRAMEWORK_SEARCH_PATHS = (
					"$(inherited)",
					"\".build/runtimes/artifacts\"",
				);
				GENERATE_INFOPLIST_FILE = YES;
				LD_RUNPATH_SEARCH_PATHS = "$(inherited) @executable_path";
				PRODUCT_BUNDLE_IDENTIFIER = jp.tsuyuki.KotodamaVoice.SpeechEvaluator;
				SDKROOT = macosx;
			};
			name = Release;
		};
		1DA53588AE744543D9CD6E7B /* Release */ = {
			isa = XCBuildConfiguration;
			buildSettings = {
				ALWAYS_SEARCH_USER_PATHS = NO;
				ARCHS = arm64;
				CLANG_ANALYZER_NONNULL = YES;
				CLANG_ANALYZER_NUMBER_OBJECT_CONVERSION = YES_AGGRESSIVE;
				CLANG_CXX_LANGUAGE_STANDARD = "gnu++14";
				CLANG_CXX_LIBRARY = "libc++";
				CLANG_ENABLE_MODULES = YES;
				CLANG_ENABLE_OBJC_ARC = YES;
				CLANG_ENABLE_OBJC_WEAK = YES;
				CLANG_WARN_BLOCK_CAPTURE_AUTORELEASING = YES;
				CLANG_WARN_BOOL_CONVERSION = YES;
				CLANG_WARN_COMMA = YES;
				CLANG_WARN_CONSTANT_CONVERSION = YES;
				CLANG_WARN_DEPRECATED_OBJC_IMPLEMENTATIONS = YES;
				CLANG_WARN_DIRECT_OBJC_ISA_USAGE = YES_ERROR;
				CLANG_WARN_DOCUMENTATION_COMMENTS = YES;
				CLANG_WARN_EMPTY_BODY = YES;
				CLANG_WARN_ENUM_CONVERSION = YES;
				CLANG_WARN_INFINITE_RECURSION = YES;
				CLANG_WARN_INT_CONVERSION = YES;
				CLANG_WARN_NON_LITERAL_NULL_CONVERSION = YES;
				CLANG_WARN_OBJC_IMPLICIT_RETAIN_SELF = YES;
				CLANG_WARN_OBJC_LITERAL_CONVERSION = YES;
				CLANG_WARN_OBJC_ROOT_CLASS = YES_ERROR;
				CLANG_WARN_QUOTED_INCLUDE_IN_FRAMEWORK_HEADER = YES;
				CLANG_WARN_RANGE_LOOP_ANALYSIS = YES;
				CLANG_WARN_STRICT_PROTOTYPES = YES;
				CLANG_WARN_SUSPICIOUS_MOVE = YES;
				CLANG_WARN_UNGUARDED_AVAILABILITY = YES_AGGRESSIVE;
				CLANG_WARN_UNREACHABLE_CODE = YES;
				CLANG_WARN__DUPLICATE_METHOD_MATCH = YES;
				CODE_SIGN_STYLE = Automatic;
				COPY_PHASE_STRIP = NO;
				DEBUG_INFORMATION_FORMAT = "dwarf-with-dsym";
				DEVELOPMENT_TEAM = B7VP34NYD2;
				ENABLE_NS_ASSERTIONS = NO;
				ENABLE_STRICT_OBJC_MSGSEND = YES;
				ENABLE_USER_SCRIPT_SANDBOXING = NO;
				GCC_C_LANGUAGE_STANDARD = gnu11;
				GCC_NO_COMMON_BLOCKS = YES;
				GCC_WARN_64_TO_32_BIT_CONVERSION = YES;
				GCC_WARN_ABOUT_RETURN_TYPE = YES_ERROR;
				GCC_WARN_UNDECLARED_SELECTOR = YES;
				GCC_WARN_UNINITIALIZED_AUTOS = YES_AGGRESSIVE;
				GCC_WARN_UNUSED_FUNCTION = YES;
				GCC_WARN_UNUSED_VARIABLE = YES;
				MACOSX_DEPLOYMENT_TARGET = 14.0;
				MTL_ENABLE_DEBUG_INFO = NO;
				MTL_FAST_MATH = YES;
				ONLY_ACTIVE_ARCH = NO;
				PRODUCT_NAME = "$(TARGET_NAME)";
				SDKROOT = macosx;
				SWIFT_COMPILATION_MODE = wholemodule;
				SWIFT_OPTIMIZATION_LEVEL = "-O";
				SWIFT_STRICT_CONCURRENCY = complete;
				SWIFT_VERSION = 6.0;
			};
			name = Release;
		};
		40078CFA01311DE5FD3F99B0 /* Debug */ = {
			isa = XCBuildConfiguration;
			buildSettings = {
				BUNDLE_LOADER = "$(TEST_HOST)";
				COMBINE_HIDPI_IMAGES = YES;
				GENERATE_INFOPLIST_FILE = YES;
				LD_RUNPATH_SEARCH_PATHS = (
					"$(inherited)",
					"@executable_path/../Frameworks",
					"@loader_path/../Frameworks",
				);
				PRODUCT_BUNDLE_IDENTIFIER = jp.tsuyuki.KotodamaVoice.CoreTests;
				SDKROOT = macosx;
			};
			name = Debug;
		};
		42FD74716154A81E5D7937A6 /* Debug */ = {
			isa = XCBuildConfiguration;
			buildSettings = {
				BUNDLE_LOADER = "$(TEST_HOST)";
				COMBINE_HIDPI_IMAGES = YES;
				GENERATE_INFOPLIST_FILE = YES;
				LD_RUNPATH_SEARCH_PATHS = (
					"$(inherited)",
					"@executable_path/../Frameworks",
					"@loader_path/../Frameworks",
				);
				PRODUCT_BUNDLE_IDENTIFIER = jp.tsuyuki.KotodamaVoice.Tests;
				SDKROOT = macosx;
				TEST_HOST = "$(BUILT_PRODUCTS_DIR)/KotodamaVoice.app/Contents/MacOS/KotodamaVoice";
			};
			name = Debug;
		};
		68AF2ACC71069C8F31F266F8 /* Debug */ = {
			isa = XCBuildConfiguration;
			buildSettings = {
				ALWAYS_SEARCH_USER_PATHS = NO;
				ARCHS = arm64;
				CLANG_ANALYZER_NONNULL = YES;
				CLANG_ANALYZER_NUMBER_OBJECT_CONVERSION = YES_AGGRESSIVE;
				CLANG_CXX_LANGUAGE_STANDARD = "gnu++14";
				CLANG_CXX_LIBRARY = "libc++";
				CLANG_ENABLE_MODULES = YES;
				CLANG_ENABLE_OBJC_ARC = YES;
				CLANG_ENABLE_OBJC_WEAK = YES;
				CLANG_WARN_BLOCK_CAPTURE_AUTORELEASING = YES;
				CLANG_WARN_BOOL_CONVERSION = YES;
				CLANG_WARN_COMMA = YES;
				CLANG_WARN_CONSTANT_CONVERSION = YES;
				CLANG_WARN_DEPRECATED_OBJC_IMPLEMENTATIONS = YES;
				CLANG_WARN_DIRECT_OBJC_ISA_USAGE = YES_ERROR;
				CLANG_WARN_DOCUMENTATION_COMMENTS = YES;
				CLANG_WARN_EMPTY_BODY = YES;
				CLANG_WARN_ENUM_CONVERSION = YES;
				CLANG_WARN_INFINITE_RECURSION = YES;
				CLANG_WARN_INT_CONVERSION = YES;
				CLANG_WARN_NON_LITERAL_NULL_CONVERSION = YES;
				CLANG_WARN_OBJC_IMPLICIT_RETAIN_SELF = YES;
				CLANG_WARN_OBJC_LITERAL_CONVERSION = YES;
				CLANG_WARN_OBJC_ROOT_CLASS = YES_ERROR;
				CLANG_WARN_QUOTED_INCLUDE_IN_FRAMEWORK_HEADER = YES;
				CLANG_WARN_RANGE_LOOP_ANALYSIS = YES;
				CLANG_WARN_STRICT_PROTOTYPES = YES;
				CLANG_WARN_SUSPICIOUS_MOVE = YES;
				CLANG_WARN_UNGUARDED_AVAILABILITY = YES_AGGRESSIVE;
				CLANG_WARN_UNREACHABLE_CODE = YES;
				CLANG_WARN__DUPLICATE_METHOD_MATCH = YES;
				CODE_SIGN_STYLE = Automatic;
				COPY_PHASE_STRIP = NO;
				DEBUG_INFORMATION_FORMAT = dwarf;
				DEVELOPMENT_TEAM = B7VP34NYD2;
				ENABLE_STRICT_OBJC_MSGSEND = YES;
				ENABLE_TESTABILITY = YES;
				ENABLE_USER_SCRIPT_SANDBOXING = NO;
				GCC_C_LANGUAGE_STANDARD = gnu11;
				GCC_DYNAMIC_NO_PIC = NO;
				GCC_NO_COMMON_BLOCKS = YES;
				GCC_OPTIMIZATION_LEVEL = 0;
				GCC_PREPROCESSOR_DEFINITIONS = (
					"$(inherited)",
					"DEBUG=1",
				);
				GCC_WARN_64_TO_32_BIT_CONVERSION = YES;
				GCC_WARN_ABOUT_RETURN_TYPE = YES_ERROR;
				GCC_WARN_UNDECLARED_SELECTOR = YES;
				GCC_WARN_UNINITIALIZED_AUTOS = YES_AGGRESSIVE;
				GCC_WARN_UNUSED_FUNCTION = YES;
				GCC_WARN_UNUSED_VARIABLE = YES;
				MACOSX_DEPLOYMENT_TARGET = 14.0;
				MTL_ENABLE_DEBUG_INFO = INCLUDE_SOURCE;
				MTL_FAST_MATH = YES;
				ONLY_ACTIVE_ARCH = NO;
				PRODUCT_NAME = "$(TARGET_NAME)";
				SDKROOT = macosx;
				SWIFT_ACTIVE_COMPILATION_CONDITIONS = DEBUG;
				SWIFT_OPTIMIZATION_LEVEL = "-Onone";
				SWIFT_STRICT_CONCURRENCY = complete;
				SWIFT_VERSION = 6.0;
			};
			name = Debug;
		};
		68FBDF9054497AC65FCC23F7 /* Debug */ = {
			isa = XCBuildConfiguration;
			buildSettings = {
				ASSETCATALOG_COMPILER_APPICON_NAME = AppIcon;
				CODE_SIGN_ENTITLEMENTS = Config/KotodamaVoice.entitlements;
				COMBINE_HIDPI_IMAGES = YES;
				ENABLE_HARDENED_RUNTIME = YES;
				INFOPLIST_FILE = "Config/KotodamaVoice-Info.plist";
				LD_GENERATE_MAP_FILE = YES;
				LD_RUNPATH_SEARCH_PATHS = (
					"$(inherited)",
					"@executable_path/../Frameworks",
				);
				PRODUCT_BUNDLE_IDENTIFIER = jp.tsuyuki.KotodamaVoice;
				REGISTER_APP_GROUPS = YES;
				SDKROOT = macosx;
			};
			name = Debug;
		};
		6F50B387ABD8E8E351539108 /* Debug */ = {
			isa = XCBuildConfiguration;
			buildSettings = {
				CODE_SIGN_IDENTITY = "";
				COMBINE_HIDPI_IMAGES = YES;
				CURRENT_PROJECT_VERSION = 1;
				DEFINES_MODULE = YES;
				DYLIB_COMPATIBILITY_VERSION = 1;
				DYLIB_CURRENT_VERSION = 1;
				DYLIB_INSTALL_NAME_BASE = "@rpath";
				INFOPLIST_FILE = "Config/KotodamaCore-Info.plist";
				INSTALL_PATH = "$(LOCAL_LIBRARY_DIR)/Frameworks";
				LD_RUNPATH_SEARCH_PATHS = (
					"$(inherited)",
					"@executable_path/../Frameworks",
				);
				PRODUCT_BUNDLE_IDENTIFIER = jp.tsuyuki.KotodamaVoice.Core;
				SDKROOT = macosx;
				SKIP_INSTALL = YES;
				VERSIONING_SYSTEM = "apple-generic";
			};
			name = Debug;
		};
		74677E9FCE4907742DE264A8 /* Release */ = {
			isa = XCBuildConfiguration;
			buildSettings = {
				BUNDLE_LOADER = "$(TEST_HOST)";
				COMBINE_HIDPI_IMAGES = YES;
				GENERATE_INFOPLIST_FILE = YES;
				LD_RUNPATH_SEARCH_PATHS = (
					"$(inherited)",
					"@executable_path/Frameworks",
					"@loader_path/Frameworks",
				);
				PRODUCT_BUNDLE_IDENTIFIER = jp.tsuyuki.KotodamaVoice.UITests;
				SDKROOT = macosx;
				TEST_TARGET_NAME = KotodamaVoice;
			};
			name = Release;
		};
		849D4D30381C3FC066DB8E34 /* Release */ = {
			isa = XCBuildConfiguration;
			buildSettings = {
				ASSETCATALOG_COMPILER_APPICON_NAME = AppIcon;
				CODE_SIGN_ENTITLEMENTS = Config/KotodamaVoice.entitlements;
				COMBINE_HIDPI_IMAGES = YES;
				ENABLE_HARDENED_RUNTIME = YES;
				INFOPLIST_FILE = "Config/KotodamaVoice-Info.plist";
				LD_GENERATE_MAP_FILE = YES;
				LD_RUNPATH_SEARCH_PATHS = (
					"$(inherited)",
					"@executable_path/../Frameworks",
				);
				PRODUCT_BUNDLE_IDENTIFIER = jp.tsuyuki.KotodamaVoice;
				REGISTER_APP_GROUPS = YES;
				SDKROOT = macosx;
			};
			name = Release;
		};
		92BE5A97198CAFEF63749C16 /* Debug */ = {
			isa = XCBuildConfiguration;
			buildSettings = {
				BUNDLE_LOADER = "$(TEST_HOST)";
				COMBINE_HIDPI_IMAGES = YES;
				GENERATE_INFOPLIST_FILE = YES;
				LD_RUNPATH_SEARCH_PATHS = (
					"$(inherited)",
					"@executable_path/Frameworks",
					"@loader_path/Frameworks",
				);
				PRODUCT_BUNDLE_IDENTIFIER = jp.tsuyuki.KotodamaVoice.UITests;
				SDKROOT = macosx;
				TEST_TARGET_NAME = KotodamaVoice;
			};
			name = Debug;
		};
		A6AD10AE0674C09ACF096DE3 /* Debug */ = {
			isa = XCBuildConfiguration;
			buildSettings = {
				COMBINE_HIDPI_IMAGES = YES;
				FRAMEWORK_SEARCH_PATHS = (
					"$(inherited)",
					"\".build/runtimes/artifacts\"",
				);
				GENERATE_INFOPLIST_FILE = YES;
				LD_RUNPATH_SEARCH_PATHS = "$(inherited) @executable_path";
				PRODUCT_BUNDLE_IDENTIFIER = jp.tsuyuki.KotodamaVoice.SpeechEvaluator;
				SDKROOT = macosx;
			};
			name = Debug;
		};
		B8DCE8561805A8870DD523FB /* Debug */ = {
			isa = XCBuildConfiguration;
			buildSettings = {
				CODE_SIGN_ENTITLEMENTS = Config/FormatterWorker.entitlements;
				COMBINE_HIDPI_IMAGES = YES;
				ENABLE_HARDENED_RUNTIME = YES;
				FRAMEWORK_SEARCH_PATHS = (
					"$(inherited)",
					"\".build/runtimes/artifacts\"",
				);
				INFOPLIST_FILE = "Config/FormatterWorker-Info.plist";
				LD_RUNPATH_SEARCH_PATHS = (
					"$(inherited)",
					"@executable_path/../Frameworks",
				);
				PRODUCT_BUNDLE_IDENTIFIER = jp.tsuyuki.KotodamaVoice.worker.formatter;
				REGISTER_APP_GROUPS = YES;
				SDKROOT = macosx;
				SKIP_INSTALL = YES;
			};
			name = Debug;
		};
		C2CDF9AA5F2CB3AFEA3BEBBE /* Release */ = {
			isa = XCBuildConfiguration;
			buildSettings = {
				BUNDLE_LOADER = "$(TEST_HOST)";
				COMBINE_HIDPI_IMAGES = YES;
				GENERATE_INFOPLIST_FILE = YES;
				LD_RUNPATH_SEARCH_PATHS = (
					"$(inherited)",
					"@executable_path/../Frameworks",
					"@loader_path/../Frameworks",
				);
				PRODUCT_BUNDLE_IDENTIFIER = jp.tsuyuki.KotodamaVoice.CoreTests;
				SDKROOT = macosx;
			};
			name = Release;
		};
		CD640071AFF7890DA128F1B7 /* Debug */ = {
			isa = XCBuildConfiguration;
			buildSettings = {
				BUNDLE_LOADER = "$(TEST_HOST)";
				COMBINE_HIDPI_IMAGES = YES;
				GENERATE_INFOPLIST_FILE = YES;
				LD_RUNPATH_SEARCH_PATHS = (
					"$(inherited)",
					"@executable_path/../Frameworks",
					"@loader_path/../Frameworks",
				);
				PRODUCT_BUNDLE_IDENTIFIER = jp.tsuyuki.KotodamaVoice.FormatterWorkerTests;
				SDKROOT = macosx;
			};
			name = Debug;
		};
		D1B79518FEA3624AE401476E /* Debug */ = {
			isa = XCBuildConfiguration;
			buildSettings = {
				CODE_SIGN_ENTITLEMENTS = Config/SpeechWorker.entitlements;
				COMBINE_HIDPI_IMAGES = YES;
				ENABLE_HARDENED_RUNTIME = YES;
				FRAMEWORK_SEARCH_PATHS = (
					"$(inherited)",
					"\".build/runtimes/artifacts\"",
				);
				INFOPLIST_FILE = "Config/SpeechWorker-Info.plist";
				LD_RUNPATH_SEARCH_PATHS = (
					"$(inherited)",
					"@executable_path/../Frameworks",
				);
				PRODUCT_BUNDLE_IDENTIFIER = jp.tsuyuki.KotodamaVoice.worker.speech;
				REGISTER_APP_GROUPS = YES;
				SDKROOT = macosx;
				SKIP_INSTALL = YES;
			};
			name = Debug;
		};
		E2F7085F32EE1FAD8F4C723B /* Release */ = {
			isa = XCBuildConfiguration;
			buildSettings = {
				CODE_SIGN_ENTITLEMENTS = Config/SpeechWorker.entitlements;
				COMBINE_HIDPI_IMAGES = YES;
				ENABLE_HARDENED_RUNTIME = YES;
				FRAMEWORK_SEARCH_PATHS = (
					"$(inherited)",
					"\".build/runtimes/artifacts\"",
				);
				INFOPLIST_FILE = "Config/SpeechWorker-Info.plist";
				LD_RUNPATH_SEARCH_PATHS = (
					"$(inherited)",
					"@executable_path/../Frameworks",
				);
				PRODUCT_BUNDLE_IDENTIFIER = jp.tsuyuki.KotodamaVoice.worker.speech;
				REGISTER_APP_GROUPS = YES;
				SDKROOT = macosx;
				SKIP_INSTALL = YES;
			};
			name = Release;
		};
		FCE6779C1A73813B6F68670F /* Release */ = {
			isa = XCBuildConfiguration;
			buildSettings = {
				CODE_SIGN_IDENTITY = "";
				COMBINE_HIDPI_IMAGES = YES;
				CURRENT_PROJECT_VERSION = 1;
				DEFINES_MODULE = YES;
				DYLIB_COMPATIBILITY_VERSION = 1;
				DYLIB_CURRENT_VERSION = 1;
				DYLIB_INSTALL_NAME_BASE = "@rpath";
				INFOPLIST_FILE = "Config/KotodamaCore-Info.plist";
				INSTALL_PATH = "$(LOCAL_LIBRARY_DIR)/Frameworks";
				LD_RUNPATH_SEARCH_PATHS = (
					"$(inherited)",
					"@executable_path/../Frameworks",
				);
				PRODUCT_BUNDLE_IDENTIFIER = jp.tsuyuki.KotodamaVoice.Core;
				SDKROOT = macosx;
				SKIP_INSTALL = YES;
				VERSIONING_SYSTEM = "apple-generic";
			};
			name = Release;
		};
/* End XCBuildConfiguration section */

/* Begin XCConfigurationList section */
		23544992D431BA3C8E8E633F /* Build configuration list for PBXNativeTarget "KotodamaVoiceTests" */ = {
			isa = XCConfigurationList;
			buildConfigurations = (
				42FD74716154A81E5D7937A6 /* Debug */,
				043CD09F7A4B3DCFB283B5EF /* Release */,
			);
			defaultConfigurationIsVisible = 0;
			defaultConfigurationName = Debug;
		};
		45C89397DB8008A7527E0B92 /* Build configuration list for PBXNativeTarget "SpeechEvaluator" */ = {
			isa = XCConfigurationList;
			buildConfigurations = (
				A6AD10AE0674C09ACF096DE3 /* Debug */,
				1A7EFC4030D2EEE5220D2EF5 /* Release */,
			);
			defaultConfigurationIsVisible = 0;
			defaultConfigurationName = Debug;
		};
		54A5F881B08AFF08CC217E1F /* Build configuration list for PBXNativeTarget "KotodamaCoreTests" */ = {
			isa = XCConfigurationList;
			buildConfigurations = (
				40078CFA01311DE5FD3F99B0 /* Debug */,
				C2CDF9AA5F2CB3AFEA3BEBBE /* Release */,
			);
			defaultConfigurationIsVisible = 0;
			defaultConfigurationName = Debug;
		};
		56C6CE9DC14302058C0C42EC /* Build configuration list for PBXNativeTarget "FormatterWorkerTests" */ = {
			isa = XCConfigurationList;
			buildConfigurations = (
				CD640071AFF7890DA128F1B7 /* Debug */,
				0105D977A4371A39597095EE /* Release */,
			);
			defaultConfigurationIsVisible = 0;
			defaultConfigurationName = Debug;
		};
		5CD8758EBF061C349972644C /* Build configuration list for PBXNativeTarget "SpeechWorker" */ = {
			isa = XCConfigurationList;
			buildConfigurations = (
				D1B79518FEA3624AE401476E /* Debug */,
				E2F7085F32EE1FAD8F4C723B /* Release */,
			);
			defaultConfigurationIsVisible = 0;
			defaultConfigurationName = Debug;
		};
		5E58F22F99EE8EF1B3A26E1E /* Build configuration list for PBXNativeTarget "KotodamaVoice" */ = {
			isa = XCConfigurationList;
			buildConfigurations = (
				68FBDF9054497AC65FCC23F7 /* Debug */,
				849D4D30381C3FC066DB8E34 /* Release */,
			);
			defaultConfigurationIsVisible = 0;
			defaultConfigurationName = Debug;
		};
		AE69EE2C6CB5CFF7A4D9954D /* Build configuration list for PBXNativeTarget "KotodamaCore" */ = {
			isa = XCConfigurationList;
			buildConfigurations = (
				6F50B387ABD8E8E351539108 /* Debug */,
				FCE6779C1A73813B6F68670F /* Release */,
			);
			defaultConfigurationIsVisible = 0;
			defaultConfigurationName = Debug;
		};
		B38E8A5F92E31EBA6D3D24C6 /* Build configuration list for PBXNativeTarget "KotodamaVoiceUITests" */ = {
			isa = XCConfigurationList;
			buildConfigurations = (
				92BE5A97198CAFEF63749C16 /* Debug */,
				74677E9FCE4907742DE264A8 /* Release */,
			);
			defaultConfigurationIsVisible = 0;
			defaultConfigurationName = Debug;
		};
		E4F9C2D60C720871C4AB1969 /* Build configuration list for PBXNativeTarget "SpeechWorkerTests" */ = {
			isa = XCConfigurationList;
			buildConfigurations = (
				095D0AD76BE5186DC600EE42 /* Debug */,
				067592927722DE0E54C209C9 /* Release */,
			);
			defaultConfigurationIsVisible = 0;
			defaultConfigurationName = Debug;
		};
		F2C2C46D7DBBE7278524CBCD /* Build configuration list for PBXProject "KotodamaVoice" */ = {
			isa = XCConfigurationList;
			buildConfigurations = (
				68AF2ACC71069C8F31F266F8 /* Debug */,
				1DA53588AE744543D9CD6E7B /* Release */,
			);
			defaultConfigurationIsVisible = 0;
			defaultConfigurationName = Debug;
		};
		FB9F7EFFB706951C06088002 /* Build configuration list for PBXNativeTarget "FormatterWorker" */ = {
			isa = XCConfigurationList;
			buildConfigurations = (
				B8DCE8561805A8870DD523FB /* Debug */,
				1A5EEACD5A7CA0F0F7A2D8C2 /* Release */,
			);
			defaultConfigurationIsVisible = 0;
			defaultConfigurationName = Debug;
		};
/* End XCConfigurationList section */
	};
	rootObject = 568352D46B68EA038A29E0A1 /* Project object */;
}
